{
  "object": {
    "pins": [
      {
        "package": "Highway",
        "repositoryURL": "https://www.github.com/dooZdev/Highway",
        "state": {
          "branch": null,
          "revision": "e53b66ff0ac06699c7e6213f49c3a3d690126ed2",
          "version": "3.0.2"
        }
      },
      {
        "package": "Nimble",
        "repositoryURL": "https://www.github.com/Quick/Nimble",
        "state": {
          "branch": null,
          "revision": "f8657642dfdec9973efc79cc68bcef43a653a2bc",
          "version": "8.0.2"
        }
      },
      {
        "package": "Quick",
        "repositoryURL": "https://www.github.com/Quick/Quick",
        "state": {
          "branch": null,
          "revision": "94df9b449508344667e5afc7e80f8bcbff1e4c37",
          "version": "2.1.0"
        }
      },
      {
        "package": "SignPost",
        "repositoryURL": "https://www.github.com/doozMen/SignPost",
        "state": {
          "branch": null,
          "revision": "224ea41f94776a2d69a3fb8f1067599f5ccec50b",
          "version": "2.0.0"
        }
      },
      {
        "package": "SwiftFormat",
        "repositoryURL": "https://github.com/nicklockwood/SwiftFormat",
        "state": {
          "branch": null,
          "revision": "0708f1eefe0a2ce2aa42fc3ff86125cdb751e63c",
          "version": "0.40.10"
        }
      },
      {
        "package": "template-sourcery",
        "repositoryURL": "https://www.github.com/dooZdev/template-sourcery",
        "state": {
          "branch": null,
          "revision": "c1856b6f118ad221a7e9af429a977882e628d1aa",
          "version": "3.1.3"
        }
      },
      {
        "package": "ZFile",
        "repositoryURL": "https://www.github.com/dooZdev/ZFile",
        "state": {
          "branch": null,
          "revision": "fb0ab109d3805829ac86f4ef2ab9f9ee5d7af2c5",
          "version": "3.0.6"
        }
      }
    ]
  },
  "version": 1
}
