{
  "object": {
    "pins": [
      {
        "package": "Highway",
        "repositoryURL": "https://www.github.com/dooZdev/Highway",
        "state": {
          "branch": "master",
          "revision": "4847f3e5261e2eb392f42db3edca929722a91a38",
          "version": null
        }
      },
      {
        "package": "Nimble",
        "repositoryURL": "https://www.github.com/Quick/Nimble",
        "state": {
          "branch": null,
          "revision": "f8657642dfdec9973efc79cc68bcef43a653a2bc",
          "version": "8.0.2"
        }
      },
      {
        "package": "Quick",
        "repositoryURL": "https://www.github.com/Quick/Quick",
        "state": {
          "branch": null,
          "revision": "94df9b449508344667e5afc7e80f8bcbff1e4c37",
          "version": "2.1.0"
        }
      },
      {
        "package": "SignPost",
        "repositoryURL": "https://www.github.com/doozMen/SignPost",
        "state": {
          "branch": "master",
          "revision": "0815bc429b9db684b15d5a02ad6ddc0403ffeaed",
          "version": null
        }
      },
      {
        "package": "SwiftFormat",
        "repositoryURL": "https://github.com/nicklockwood/SwiftFormat",
        "state": {
          "branch": null,
          "revision": "ef65f79ccdc80216624bd2f609cb037a098ca1bb",
          "version": "0.40.9"
        }
      },
      {
        "package": "template-sourcery",
        "repositoryURL": "https://www.github.com/dooZdev/template-sourcery",
        "state": {
          "branch": "master",
          "revision": "34b53bbadfdc04598f6c4410fb1d58271164c96d",
          "version": null
        }
      },
      {
        "package": "ZFile",
        "repositoryURL": "https://www.github.com/dooZdev/ZFile",
        "state": {
          "branch": "master",
          "revision": "2aeaf52981f78e2b8866466235f630894b80472a",
          "version": null
        }
      }
    ]
  },
  "version": 1
}
