{
  "object": {
    "pins": [
      {
        "package": "Highway",
        "repositoryURL": "https://www.github.com/dooZdev/Highway",
        "state": {
          "branch": "master",
          "revision": "ea9163d224b77e398fea03a84ae0c350c18e80b8",
          "version": null
        }
      },
      {
        "package": "Nimble",
        "repositoryURL": "https://www.github.com/Quick/Nimble",
        "state": {
          "branch": null,
          "revision": "f8657642dfdec9973efc79cc68bcef43a653a2bc",
          "version": "8.0.2"
        }
      },
      {
        "package": "Quick",
        "repositoryURL": "https://www.github.com/Quick/Quick",
        "state": {
          "branch": null,
          "revision": "94df9b449508344667e5afc7e80f8bcbff1e4c37",
          "version": "2.1.0"
        }
      },
      {
        "package": "SignPost",
        "repositoryURL": "https://www.github.com/doozMen/SignPost",
        "state": {
          "branch": "master",
          "revision": "04194f7781a348855c5069e654b97e904b34dfc4",
          "version": null
        }
      },
      {
        "package": "SwiftFormat",
        "repositoryURL": "https://github.com/nicklockwood/SwiftFormat",
        "state": {
          "branch": null,
          "revision": "ef65f79ccdc80216624bd2f609cb037a098ca1bb",
          "version": "0.40.9"
        }
      },
      {
        "package": "template-sourcery",
        "repositoryURL": "https://www.github.com/dooZdev/template-sourcery",
        "state": {
          "branch": "master",
          "revision": "1b189441ee4518f21039d0f709d6c0b24a80a864",
          "version": null
        }
      },
      {
        "package": "ZFile",
        "repositoryURL": "https://www.github.com/dooZdev/ZFile",
        "state": {
          "branch": "master",
          "revision": "2aeaf52981f78e2b8866466235f630894b80472a",
          "version": null
        }
      }
    ]
  },
  "version": 1
}
