<?xml version="1.0" encoding="UTF-8"?>
<Scheme
   LastUpgradeVersion = "1010"
   version = "1.3">
   <BuildAction
      parallelizeBuildables = "YES"
      buildImplicitDependencies = "YES">
      <BuildActionEntries>
         <BuildActionEntry
            buildForTesting = "YES"
            buildForRunning = "YES"
            buildForProfiling = "YES"
            buildForArchiving = "YES"
            buildForAnalyzing = "YES">
            <BuildableReference
               BuildableIdentifier = "primary"
               BlueprintIdentifier = "FD55CBB422009FF50044D1A7"
               BuildableName = "PrepareReactNativeConfig.app"
               BlueprintName = "PrepareReactNativeConfig-script"
               ReferencedContainer = "container:ReactNativeConfig.xcodeproj">
            </BuildableReference>
         </BuildActionEntry>
         <BuildActionEntry
            buildForTesting = "YES"
            buildForRunning = "YES"
            buildForProfiling = "YES"
            buildForArchiving = "YES"
            buildForAnalyzing = "YES">
            <BuildableReference
               BuildableIdentifier = "primary"
               BlueprintIdentifier = "FD55CBC522009FF70044D1A7"
               BuildableName = "PrepareReactNativeconfigTests.xctest"
               BlueprintName = "PrepareReactNativeconfigTests"
               ReferencedContainer = "container:ReactNativeConfig.xcodeproj">
            </BuildableReference>
         </BuildActionEntry>
         <BuildActionEntry
            buildForTesting = "YES"
            buildForRunning = "YES"
            buildForProfiling = "YES"
            buildForArchiving = "YES"
            buildForAnalyzing = "YES">
            <BuildableReference
               BuildableIdentifier = "primary"
               BlueprintIdentifier = "FDAA4BE522257F530091F9C3"
               BuildableName = "ReactNativeConfigSwift-macOS-Tests.xctest"
               BlueprintName = "ReactNativeConfigSwift-macOS-Tests"
               ReferencedContainer = "container:ReactNativeConfig.xcodeproj">
            </BuildableReference>
         </BuildActionEntry>
      </BuildActionEntries>
   </BuildAction>
   <TestAction
      buildConfiguration = "Debug"
      selectedDebuggerIdentifier = "Xcode.DebuggerFoundation.Debugger.LLDB"
      selectedLauncherIdentifier = "Xcode.DebuggerFoundation.Launcher.LLDB"
      shouldUseLaunchSchemeArgsEnv = "YES">
      <Testables>
         <TestableReference
            skipped = "NO">
            <BuildableReference
               BuildableIdentifier = "primary"
               BlueprintIdentifier = "FD55CBC522009FF70044D1A7"
               BuildableName = "PrepareReactNativeconfigTests.xctest"
               BlueprintName = "PrepareReactNativeconfigTests"
               ReferencedContainer = "container:ReactNativeConfig.xcodeproj">
            </BuildableReference>
         </TestableReference>
         <TestableReference
            skipped = "NO">
            <BuildableReference
               BuildableIdentifier = "primary"
               BlueprintIdentifier = "FDAA4BE522257F530091F9C3"
               BuildableName = "ReactNativeConfigSwift-macOS-Tests.xctest"
               BlueprintName = "ReactNativeConfigSwift-macOS-Tests"
               ReferencedContainer = "container:ReactNativeConfig.xcodeproj">
            </BuildableReference>
         </TestableReference>
      </Testables>
      <MacroExpansion>
         <BuildableReference
            BuildableIdentifier = "primary"
            BlueprintIdentifier = "FD55CBB422009FF50044D1A7"
            BuildableName = "PrepareReactNativeConfig.app"
            BlueprintName = "PrepareReactNativeConfig-script"
            ReferencedContainer = "container:ReactNativeConfig.xcodeproj">
         </BuildableReference>
      </MacroExpansion>
      <AdditionalOptions>
      </AdditionalOptions>
   </TestAction>
   <LaunchAction
      buildConfiguration = "Debug"
      selectedDebuggerIdentifier = "Xcode.DebuggerFoundation.Debugger.LLDB"
      selectedLauncherIdentifier = "Xcode.DebuggerFoundation.Launcher.LLDB"
      launchStyle = "0"
      useCustomWorkingDirectory = "NO"
      ignoresPersistentStateOnLaunch = "NO"
      debugDocumentVersioning = "YES"
      debugServiceExtension = "internal"
      allowLocationSimulation = "YES">
      <BuildableProductRunnable
         runnableDebuggingMode = "0">
         <BuildableReference
            BuildableIdentifier = "primary"
            BlueprintIdentifier = "FD55CBB422009FF50044D1A7"
            BuildableName = "PrepareReactNativeConfig.app"
            BlueprintName = "PrepareReactNativeConfig-script"
            ReferencedContainer = "container:ReactNativeConfig.xcodeproj">
         </BuildableReference>
      </BuildableProductRunnable>
      <CommandLineArguments>
         <CommandLineArgument
            argument = "-reactNativeFolder:/../../../../../../"
            isEnabled = "YES">
         </CommandLineArgument>
      </CommandLineArguments>
      <AdditionalOptions>
      </AdditionalOptions>
   </LaunchAction>
   <ProfileAction
      buildConfiguration = "Release"
      shouldUseLaunchSchemeArgsEnv = "YES"
      savedToolIdentifier = ""
      useCustomWorkingDirectory = "NO"
      debugDocumentVersioning = "YES">
      <BuildableProductRunnable
         runnableDebuggingMode = "0">
         <BuildableReference
            BuildableIdentifier = "primary"
            BlueprintIdentifier = "FD55CBB422009FF50044D1A7"
            BuildableName = "PrepareReactNativeConfig.app"
            BlueprintName = "PrepareReactNativeConfig-script"
            ReferencedContainer = "container:ReactNativeConfig.xcodeproj">
         </BuildableReference>
      </BuildableProductRunnable>
   </ProfileAction>
   <AnalyzeAction
      buildConfiguration = "Debug">
   </AnalyzeAction>
   <ArchiveAction
      buildConfiguration = "Release"
      revealArchiveInOrganizer = "YES">
   </ArchiveAction>
</Scheme>
