// !$*UTF8*$!
{
	archiveVersion = 1;
	classes = {
	};
	objectVersion = 46;
	objects = {

/* Begin PBXBuildFile section */
		3DF7F6B6203AA0C200D0EAB7 /* ReactNativeConfig.m in Sources */ = {isa = PBXBuildFile; fileRef = EBE4E8461C7D2456000F8875 /* ReactNativeConfig.m */; };
		3DF7F6B7203AA0D600D0EAB7 /* ReactNativeConfig.h in CopyFiles */ = {isa = PBXBuildFile; fileRef = EB2648E21C7BE17A00B8F155 /* ReactNativeConfig.h */; };
		EB2648E31C7BE17A00B8F155 /* ReactNativeConfig.h in CopyFiles */ = {isa = PBXBuildFile; fileRef = EB2648E21C7BE17A00B8F155 /* ReactNativeConfig.h */; };
		EBE4E8471C7D2456000F8875 /* ReactNativeConfig.m in Sources */ = {isa = PBXBuildFile; fileRef = EBE4E8461C7D2456000F8875 /* ReactNativeConfig.m */; };
		FD4867CF2201BA850092A63E /* ReactNativeConfigSwift.framework in Frameworks */ = {isa = PBXBuildFile; fileRef = FD55CC862200B4270044D1A7 /* ReactNativeConfigSwift.framework */; };
		FD4867D02201BA960092A63E /* ReactNativeConfigSwift.framework in Frameworks */ = {isa = PBXBuildFile; fileRef = FD55CC862200B4270044D1A7 /* ReactNativeConfigSwift.framework */; };
		FD4868772201D1810092A63E /* CurrentBuildConfiguration.swift in Sources */ = {isa = PBXBuildFile; fileRef = FD4868762201D1810092A63E /* CurrentBuildConfiguration.swift */; };
		FD4868AF2201E2D00092A63E /* JSONEntry.swift in Sources */ = {isa = PBXBuildFile; fileRef = FD4868AE2201E2D00092A63E /* JSONEntry.swift */; };
		FD48698D220216DC0092A63E /* UrlEscaped.swift in Sources */ = {isa = PBXBuildFile; fileRef = FD48698C220216DC0092A63E /* UrlEscaped.swift */; };
		FD55CB9722009A800044D1A7 /* ReactNativeConfig.h in Headers */ = {isa = PBXBuildFile; fileRef = EB2648E21C7BE17A00B8F155 /* ReactNativeConfig.h */; };
		FD55CBCB22009FF70044D1A7 /* PrepareReactNativeconfigTests.swift in Sources */ = {isa = PBXBuildFile; fileRef = FD55CBCA22009FF70044D1A7 /* PrepareReactNativeconfigTests.swift */; };
		FD55CC6F2200A68A0044D1A7 /* main.swift in Sources */ = {isa = PBXBuildFile; fileRef = FD55CC6E2200A68A0044D1A7 /* main.swift */; };
		FD55CC8A2200B4270044D1A7 /* ReactNativeConfigSwift.h in Headers */ = {isa = PBXBuildFile; fileRef = FD55CC882200B4270044D1A7 /* ReactNativeConfigSwift.h */; settings = {ATTRIBUTES = (Public, ); }; };
		FD55CC952200B4BA0044D1A7 /* CurrentBuildConfigurationWorker.swift in Sources */ = {isa = PBXBuildFile; fileRef = FD55CC942200B4BA0044D1A7 /* CurrentBuildConfigurationWorker.swift */; };
		FD589AE6221AE34100335F55 /* MainWorker.swift in Sources */ = {isa = PBXBuildFile; fileRef = FD589AE5221AE34100335F55 /* MainWorker.swift */; };
		FD589AF3221AE42F00335F55 /* PrepareReactNativeConfig.framework in Frameworks */ = {isa = PBXBuildFile; fileRef = FD589AEC221AE42F00335F55 /* PrepareReactNativeConfig.framework */; };
		FD589AF4221AE42F00335F55 /* PrepareReactNativeConfig.framework in Embed Frameworks */ = {isa = PBXBuildFile; fileRef = FD589AEC221AE42F00335F55 /* PrepareReactNativeConfig.framework */; settings = {ATTRIBUTES = (CodeSignOnCopy, RemoveHeadersOnCopy, ); }; };
		FD589AFC221AE52A00335F55 /* MainWorker.swift in Sources */ = {isa = PBXBuildFile; fileRef = FD589AE5221AE34100335F55 /* MainWorker.swift */; };
		FD589B04221AE59400335F55 /* Disk.swift in Sources */ = {isa = PBXBuildFile; fileRef = FD661CDE2216C47200F27AD5 /* Disk.swift */; };
		FD589B05221AE59F00335F55 /* Coder.swift in Sources */ = {isa = PBXBuildFile; fileRef = FD82E7FE2216CE3A00837A3E /* Coder.swift */; };
		FD589B06221AE5A700335F55 /* Builds.swift in Sources */ = {isa = PBXBuildFile; fileRef = FD82E8002216D17500837A3E /* Builds.swift */; };
		FD589B09221AE60300335F55 /* ReactNativeConfigSwift.framework in Frameworks */ = {isa = PBXBuildFile; fileRef = FD7F1D222215D390009A4F34 /* ReactNativeConfigSwift.framework */; };
		FD661CDF2216C47200F27AD5 /* Disk.swift in Sources */ = {isa = PBXBuildFile; fileRef = FD661CDE2216C47200F27AD5 /* Disk.swift */; };
		FD7F1D262215D390009A4F34 /* ReactNativeConfig_macOS.h in Headers */ = {isa = PBXBuildFile; fileRef = FD7F1D242215D390009A4F34 /* ReactNativeConfig_macOS.h */; settings = {ATTRIBUTES = (Public, ); }; };
		FD7F1D292215D390009A4F34 /* ReactNativeConfigSwift.framework in Frameworks */ = {isa = PBXBuildFile; fileRef = FD7F1D222215D390009A4F34 /* ReactNativeConfigSwift.framework */; };
		FD7F1D2A2215D390009A4F34 /* ReactNativeConfigSwift.framework in Embed Frameworks */ = {isa = PBXBuildFile; fileRef = FD7F1D222215D390009A4F34 /* ReactNativeConfigSwift.framework */; settings = {ATTRIBUTES = (CodeSignOnCopy, RemoveHeadersOnCopy, ); }; };
		FD7F1D302215D3F2009A4F34 /* CurrentBuildConfiguration.swift in Sources */ = {isa = PBXBuildFile; fileRef = FD4868762201D1810092A63E /* CurrentBuildConfiguration.swift */; };
		FD7F1D312215D3F2009A4F34 /* UrlEscaped.swift in Sources */ = {isa = PBXBuildFile; fileRef = FD48698C220216DC0092A63E /* UrlEscaped.swift */; };
		FD7F1D322215D3F2009A4F34 /* CurrentBuildConfigurationWorker.swift in Sources */ = {isa = PBXBuildFile; fileRef = FD55CC942200B4BA0044D1A7 /* CurrentBuildConfigurationWorker.swift */; };
		FD7F1D332215D3F2009A4F34 /* JSONEntry.swift in Sources */ = {isa = PBXBuildFile; fileRef = FD4868AE2201E2D00092A63E /* JSONEntry.swift */; };
		FD82E7FF2216CE3A00837A3E /* Coder.swift in Sources */ = {isa = PBXBuildFile; fileRef = FD82E7FE2216CE3A00837A3E /* Coder.swift */; };
		FD82E8012216D17500837A3E /* Builds.swift in Sources */ = {isa = PBXBuildFile; fileRef = FD82E8002216D17500837A3E /* Builds.swift */; };
		FDAB3C57220DF1CE004DEC7F /* AppKit.framework in Frameworks */ = {isa = PBXBuildFile; fileRef = FD4BE2B12201AA38008903DC /* AppKit.framework */; };
		FDECFBDC221B3BC200EA1E33 /* SignPost.framework in Frameworks */ = {isa = PBXBuildFile; fileRef = FDECFBDB221B3BC200EA1E33 /* SignPost.framework */; };
		FDECFBDE221B3BEB00EA1E33 /* ZFile.framework in Frameworks */ = {isa = PBXBuildFile; fileRef = FDECFBDD221B3BEB00EA1E33 /* ZFile.framework */; };
		FDECFC48221B530E00EA1E33 /* JSON.swift in Sources */ = {isa = PBXBuildFile; fileRef = FDECFC47221B530E00EA1E33 /* JSON.swift */; };
		FDECFC49221B536100EA1E33 /* JSON.swift in Sources */ = {isa = PBXBuildFile; fileRef = FDECFC47221B530E00EA1E33 /* JSON.swift */; };
/* End PBXBuildFile section */

/* Begin PBXContainerItemProxy section */
		FD4867D12201BB080092A63E /* PBXContainerItemProxy */ = {
			isa = PBXContainerItemProxy;
			containerPortal = EB2648D71C7BE17A00B8F155 /* Project object */;
			proxyType = 1;
			remoteGlobalIDString = FD55CC852200B4270044D1A7;
			remoteInfo = ReactNativeConfigSwift;
		};
		FD55CBC722009FF70044D1A7 /* PBXContainerItemProxy */ = {
			isa = PBXContainerItemProxy;
			containerPortal = EB2648D71C7BE17A00B8F155 /* Project object */;
			proxyType = 1;
			remoteGlobalIDString = FD55CBB422009FF50044D1A7;
			remoteInfo = PrepareReactNativeconfig;
		};
		FD589AF1221AE42F00335F55 /* PBXContainerItemProxy */ = {
			isa = PBXContainerItemProxy;
			containerPortal = EB2648D71C7BE17A00B8F155 /* Project object */;
			proxyType = 1;
			remoteGlobalIDString = FD589AEB221AE42F00335F55;
			remoteInfo = PrepareReactNativeConfig;
		};
		FD589B07221AE5F700335F55 /* PBXContainerItemProxy */ = {
			isa = PBXContainerItemProxy;
			containerPortal = EB2648D71C7BE17A00B8F155 /* Project object */;
			proxyType = 1;
			remoteGlobalIDString = FD7F1D212215D390009A4F34;
			remoteInfo = "ReactNativeConfigSwift-macOS";
		};
		FD589B11221AEA4200335F55 /* PBXContainerItemProxy */ = {
			isa = PBXContainerItemProxy;
			containerPortal = EB2648D71C7BE17A00B8F155 /* Project object */;
			proxyType = 1;
			remoteGlobalIDString = FD55CBB422009FF50044D1A7;
			remoteInfo = PrepareReactNativeconfig;
		};
		FD7F1D272215D390009A4F34 /* PBXContainerItemProxy */ = {
			isa = PBXContainerItemProxy;
			containerPortal = EB2648D71C7BE17A00B8F155 /* Project object */;
			proxyType = 1;
			remoteGlobalIDString = FD7F1D212215D390009A4F34;
			remoteInfo = "ReactNativeConfig-macOS";
		};
/* End PBXContainerItemProxy section */

/* Begin PBXCopyFilesBuildPhase section */
		3DF7F6AA203AA09B00D0EAB7 /* CopyFiles */ = {
			isa = PBXCopyFilesBuildPhase;
			buildActionMask = 2147483647;
			dstPath = "include/$(PRODUCT_NAME)";
			dstSubfolderSpec = 16;
			files = (
				3DF7F6B7203AA0D600D0EAB7 /* ReactNativeConfig.h in CopyFiles */,
			);
			runOnlyForDeploymentPostprocessing = 0;
		};
		EB2648DD1C7BE17A00B8F155 /* CopyFiles */ = {
			isa = PBXCopyFilesBuildPhase;
			buildActionMask = 2147483647;
			dstPath = "include/$(PRODUCT_NAME)";
			dstSubfolderSpec = 16;
			files = (
				EB2648E31C7BE17A00B8F155 /* ReactNativeConfig.h in CopyFiles */,
			);
			runOnlyForDeploymentPostprocessing = 0;
		};
		FD55CC692200A4580044D1A7 /* Embed Frameworks */ = {
			isa = PBXCopyFilesBuildPhase;
			buildActionMask = 2147483647;
			dstPath = "";
			dstSubfolderSpec = 10;
			files = (
				FD589AF4221AE42F00335F55 /* PrepareReactNativeConfig.framework in Embed Frameworks */,
				FD7F1D2A2215D390009A4F34 /* ReactNativeConfigSwift.framework in Embed Frameworks */,
			);
			name = "Embed Frameworks";
			runOnlyForDeploymentPostprocessing = 0;
		};
/* End PBXCopyFilesBuildPhase section */

/* Begin PBXFileReference section */
		3DF7F6AC203AA09B00D0EAB7 /* libReactNativeConfig-tvOS.a */ = {isa = PBXFileReference; explicitFileType = archive.ar; includeInIndex = 0; path = "libReactNativeConfig-tvOS.a"; sourceTree = BUILT_PRODUCTS_DIR; };
		EB2648DF1C7BE17A00B8F155 /* libReactNativeConfig.a */ = {isa = PBXFileReference; explicitFileType = archive.ar; includeInIndex = 0; path = libReactNativeConfig.a; sourceTree = BUILT_PRODUCTS_DIR; };
		EB2648E21C7BE17A00B8F155 /* ReactNativeConfig.h */ = {isa = PBXFileReference; lastKnownFileType = sourcecode.c.h; path = ReactNativeConfig.h; sourceTree = "<group>"; };
		EBE4E8461C7D2456000F8875 /* ReactNativeConfig.m */ = {isa = PBXFileReference; fileEncoding = 4; lastKnownFileType = sourcecode.c.objc; path = ReactNativeConfig.m; sourceTree = "<group>"; };
		FD4867C82201B6C50092A63E /* Debug.xcconfig */ = {isa = PBXFileReference; lastKnownFileType = text.xcconfig; path = Debug.xcconfig; sourceTree = "<group>"; };
		FD4867C92201B6D10092A63E /* Release.xcconfig */ = {isa = PBXFileReference; lastKnownFileType = text.xcconfig; path = Release.xcconfig; sourceTree = "<group>"; };
		FD4868762201D1810092A63E /* CurrentBuildConfiguration.swift */ = {isa = PBXFileReference; lastKnownFileType = sourcecode.swift; path = CurrentBuildConfiguration.swift; sourceTree = "<group>"; };
		FD4868AE2201E2D00092A63E /* JSONEntry.swift */ = {isa = PBXFileReference; lastKnownFileType = sourcecode.swift; path = JSONEntry.swift; sourceTree = "<group>"; };
		FD48698C220216DC0092A63E /* UrlEscaped.swift */ = {isa = PBXFileReference; lastKnownFileType = sourcecode.swift; path = UrlEscaped.swift; sourceTree = "<group>"; };
		FD4BE2B12201AA38008903DC /* AppKit.framework */ = {isa = PBXFileReference; lastKnownFileType = wrapper.framework; name = AppKit.framework; path = Platforms/MacOSX.platform/Developer/SDKs/MacOSX10.14.sdk/System/Library/Frameworks/AppKit.framework; sourceTree = DEVELOPER_DIR; };
		FD55CBB522009FF50044D1A7 /* PrepareReactNativeconfig.app */ = {isa = PBXFileReference; explicitFileType = wrapper.application; includeInIndex = 0; path = PrepareReactNativeconfig.app; sourceTree = BUILT_PRODUCTS_DIR; };
		FD55CBC622009FF70044D1A7 /* PrepareReactNativeconfigTests.xctest */ = {isa = PBXFileReference; explicitFileType = wrapper.cfbundle; includeInIndex = 0; path = PrepareReactNativeconfigTests.xctest; sourceTree = BUILT_PRODUCTS_DIR; };
		FD55CBCA22009FF70044D1A7 /* PrepareReactNativeconfigTests.swift */ = {isa = PBXFileReference; lastKnownFileType = sourcecode.swift; path = PrepareReactNativeconfigTests.swift; sourceTree = "<group>"; };
		FD55CBCC22009FF70044D1A7 /* Info.plist */ = {isa = PBXFileReference; lastKnownFileType = text.plist.xml; path = Info.plist; sourceTree = "<group>"; };
		FD55CC6E2200A68A0044D1A7 /* main.swift */ = {isa = PBXFileReference; lastKnownFileType = sourcecode.swift; path = main.swift; sourceTree = "<group>"; };
		FD55CC862200B4270044D1A7 /* ReactNativeConfigSwift.framework */ = {isa = PBXFileReference; explicitFileType = wrapper.framework; includeInIndex = 0; path = ReactNativeConfigSwift.framework; sourceTree = BUILT_PRODUCTS_DIR; };
		FD55CC882200B4270044D1A7 /* ReactNativeConfigSwift.h */ = {isa = PBXFileReference; lastKnownFileType = sourcecode.c.h; path = ReactNativeConfigSwift.h; sourceTree = "<group>"; };
		FD55CC892200B4270044D1A7 /* Info.plist */ = {isa = PBXFileReference; lastKnownFileType = text.plist.xml; path = Info.plist; sourceTree = "<group>"; };
		FD55CC942200B4BA0044D1A7 /* CurrentBuildConfigurationWorker.swift */ = {isa = PBXFileReference; lastKnownFileType = sourcecode.swift; path = CurrentBuildConfigurationWorker.swift; sourceTree = "<group>"; };
		FD55CCA12200BCB40044D1A7 /* README.md */ = {isa = PBXFileReference; lastKnownFileType = net.daringfireball.markdown; name = README.md; path = ../README.md; sourceTree = "<group>"; };
		FD55CCA22200BDAA0044D1A7 /* package.json */ = {isa = PBXFileReference; fileEncoding = 4; lastKnownFileType = text.json; name = package.json; path = ../package.json; sourceTree = "<group>"; };
		FD55CCA42200C19A0044D1A7 /* Cartfile.private */ = {isa = PBXFileReference; lastKnownFileType = text; name = Cartfile.private; path = ../Cartfile.private; sourceTree = "<group>"; };
		FD589AE5221AE34100335F55 /* MainWorker.swift */ = {isa = PBXFileReference; lastKnownFileType = sourcecode.swift; path = MainWorker.swift; sourceTree = "<group>"; };
		FD589AEC221AE42F00335F55 /* PrepareReactNativeConfig.framework */ = {isa = PBXFileReference; explicitFileType = wrapper.framework; includeInIndex = 0; path = PrepareReactNativeConfig.framework; sourceTree = BUILT_PRODUCTS_DIR; };
		FD589AEE221AE42F00335F55 /* PrepareReactNativeConfig.h */ = {isa = PBXFileReference; lastKnownFileType = sourcecode.c.h; path = PrepareReactNativeConfig.h; sourceTree = "<group>"; };
		FD589B3A221AECD600335F55 /* Info.plist */ = {isa = PBXFileReference; lastKnownFileType = text.plist.xml; path = Info.plist; sourceTree = "<group>"; };
		FD661CDE2216C47200F27AD5 /* Disk.swift */ = {isa = PBXFileReference; lastKnownFileType = sourcecode.swift; path = Disk.swift; sourceTree = "<group>"; };
		FD7F1D222215D390009A4F34 /* ReactNativeConfigSwift.framework */ = {isa = PBXFileReference; explicitFileType = wrapper.framework; includeInIndex = 0; path = ReactNativeConfigSwift.framework; sourceTree = BUILT_PRODUCTS_DIR; };
		FD7F1D242215D390009A4F34 /* ReactNativeConfig_macOS.h */ = {isa = PBXFileReference; lastKnownFileType = sourcecode.c.h; path = ReactNativeConfig_macOS.h; sourceTree = "<group>"; };
		FD82E7FE2216CE3A00837A3E /* Coder.swift */ = {isa = PBXFileReference; lastKnownFileType = sourcecode.swift; path = Coder.swift; sourceTree = "<group>"; };
		FD82E8002216D17500837A3E /* Builds.swift */ = {isa = PBXFileReference; lastKnownFileType = sourcecode.swift; path = Builds.swift; sourceTree = "<group>"; };
		FD84BA112209C8D7000B86BC /* Local.xcconfig */ = {isa = PBXFileReference; lastKnownFileType = text.xcconfig; path = Local.xcconfig; sourceTree = "<group>"; };
		FDECFBDB221B3BC200EA1E33 /* SignPost.framework */ = {isa = PBXFileReference; explicitFileType = wrapper.framework; path = SignPost.framework; sourceTree = BUILT_PRODUCTS_DIR; };
		FDECFBDD221B3BEB00EA1E33 /* ZFile.framework */ = {isa = PBXFileReference; explicitFileType = wrapper.framework; path = ZFile.framework; sourceTree = BUILT_PRODUCTS_DIR; };
		FDECFC47221B530E00EA1E33 /* JSON.swift */ = {isa = PBXFileReference; lastKnownFileType = sourcecode.swift; path = JSON.swift; sourceTree = "<group>"; };
/* End PBXFileReference section */

/* Begin PBXFrameworksBuildPhase section */
		3DF7F6A9203AA09B00D0EAB7 /* Frameworks */ = {
			isa = PBXFrameworksBuildPhase;
			buildActionMask = 2147483647;
			files = (
				FD4867CF2201BA850092A63E /* ReactNativeConfigSwift.framework in Frameworks */,
			);
			runOnlyForDeploymentPostprocessing = 0;
		};
		EB2648DC1C7BE17A00B8F155 /* Frameworks */ = {
			isa = PBXFrameworksBuildPhase;
			buildActionMask = 2147483647;
			files = (
				FD4867D02201BA960092A63E /* ReactNativeConfigSwift.framework in Frameworks */,
			);
			runOnlyForDeploymentPostprocessing = 0;
		};
		FD55CBB222009FF50044D1A7 /* Frameworks */ = {
			isa = PBXFrameworksBuildPhase;
			buildActionMask = 2147483647;
			files = (
				FD589AF3221AE42F00335F55 /* PrepareReactNativeConfig.framework in Frameworks */,
				FDAB3C57220DF1CE004DEC7F /* AppKit.framework in Frameworks */,
				FD7F1D292215D390009A4F34 /* ReactNativeConfigSwift.framework in Frameworks */,
			);
			runOnlyForDeploymentPostprocessing = 0;
		};
		FD55CBC322009FF70044D1A7 /* Frameworks */ = {
			isa = PBXFrameworksBuildPhase;
			buildActionMask = 2147483647;
			files = (
			);
			runOnlyForDeploymentPostprocessing = 0;
		};
		FD55CC832200B4270044D1A7 /* Frameworks */ = {
			isa = PBXFrameworksBuildPhase;
			buildActionMask = 2147483647;
			files = (
			);
			runOnlyForDeploymentPostprocessing = 0;
		};
		FD589AE9221AE42F00335F55 /* Frameworks */ = {
			isa = PBXFrameworksBuildPhase;
			buildActionMask = 2147483647;
			files = (
				FDECFBDE221B3BEB00EA1E33 /* ZFile.framework in Frameworks */,
				FDECFBDC221B3BC200EA1E33 /* SignPost.framework in Frameworks */,
				FD589B09221AE60300335F55 /* ReactNativeConfigSwift.framework in Frameworks */,
			);
			runOnlyForDeploymentPostprocessing = 0;
		};
		FD7F1D1F2215D390009A4F34 /* Frameworks */ = {
			isa = PBXFrameworksBuildPhase;
			buildActionMask = 2147483647;
			files = (
			);
			runOnlyForDeploymentPostprocessing = 0;
		};
/* End PBXFrameworksBuildPhase section */

/* Begin PBXGroup section */
		EB2648D61C7BE17A00B8F155 = {
			isa = PBXGroup;
			children = (
				FD4867C82201B6C50092A63E /* Debug.xcconfig */,
				FD84BA112209C8D7000B86BC /* Local.xcconfig */,
				FD4867C92201B6D10092A63E /* Release.xcconfig */,
				FD55CCA42200C19A0044D1A7 /* Cartfile.private */,
				FD55CCA12200BCB40044D1A7 /* README.md */,
				FD55CCA22200BDAA0044D1A7 /* package.json */,
				EB2648E11C7BE17A00B8F155 /* ReactNativeConfig */,
				FD55CBB622009FF50044D1A7 /* PrepareReactNativeconfig */,
				FD55CBC922009FF70044D1A7 /* PrepareReactNativeconfigTests */,
				FD55CC872200B4270044D1A7 /* ReactNativeConfigSwift */,
				FD7F1D232215D390009A4F34 /* ReactNativeConfig-macOS */,
				EB2648E01C7BE17A00B8F155 /* Products */,
				FD55CC902200B4460044D1A7 /* Frameworks */,
			);
			sourceTree = "<group>";
		};
		EB2648E01C7BE17A00B8F155 /* Products */ = {
			isa = PBXGroup;
			children = (
				EB2648DF1C7BE17A00B8F155 /* libReactNativeConfig.a */,
				3DF7F6AC203AA09B00D0EAB7 /* libReactNativeConfig-tvOS.a */,
				FD55CBB522009FF50044D1A7 /* PrepareReactNativeconfig.app */,
				FD55CBC622009FF70044D1A7 /* PrepareReactNativeconfigTests.xctest */,
				FD55CC862200B4270044D1A7 /* ReactNativeConfigSwift.framework */,
				FD7F1D222215D390009A4F34 /* ReactNativeConfigSwift.framework */,
				FD589AEC221AE42F00335F55 /* PrepareReactNativeConfig.framework */,
			);
			name = Products;
			sourceTree = "<group>";
		};
		EB2648E11C7BE17A00B8F155 /* ReactNativeConfig */ = {
			isa = PBXGroup;
			children = (
				EB2648E21C7BE17A00B8F155 /* ReactNativeConfig.h */,
				EBE4E8461C7D2456000F8875 /* ReactNativeConfig.m */,
			);
			path = ReactNativeConfig;
			sourceTree = "<group>";
		};
		FD4868B52201EF0D0092A63E /* Generated */ = {
			isa = PBXGroup;
			children = (
				FD4868762201D1810092A63E /* CurrentBuildConfiguration.swift */,
				FD55CC942200B4BA0044D1A7 /* CurrentBuildConfigurationWorker.swift */,
			);
			name = Generated;
			sourceTree = "<group>";
		};
		FD55CBB622009FF50044D1A7 /* PrepareReactNativeconfig */ = {
			isa = PBXGroup;
			children = (
				FD661CDE2216C47200F27AD5 /* Disk.swift */,
				FD55CC6E2200A68A0044D1A7 /* main.swift */,
				FD589AE5221AE34100335F55 /* MainWorker.swift */,
				FD82E7FE2216CE3A00837A3E /* Coder.swift */,
				FD82E8002216D17500837A3E /* Builds.swift */,
				FD589B3A221AECD600335F55 /* Info.plist */,
				FD589AEE221AE42F00335F55 /* PrepareReactNativeConfig.h */,
			);
			path = PrepareReactNativeconfig;
			sourceTree = "<group>";
		};
		FD55CBC922009FF70044D1A7 /* PrepareReactNativeconfigTests */ = {
			isa = PBXGroup;
			children = (
				FD55CBCA22009FF70044D1A7 /* PrepareReactNativeconfigTests.swift */,
				FD55CBCC22009FF70044D1A7 /* Info.plist */,
			);
			path = PrepareReactNativeconfigTests;
			sourceTree = "<group>";
		};
		FD55CC872200B4270044D1A7 /* ReactNativeConfigSwift */ = {
			isa = PBXGroup;
			children = (
				FD4868B52201EF0D0092A63E /* Generated */,
				FD55CC892200B4270044D1A7 /* Info.plist */,
				FDECFC47221B530E00EA1E33 /* JSON.swift */,
				FD4868AE2201E2D00092A63E /* JSONEntry.swift */,
				FD55CC882200B4270044D1A7 /* ReactNativeConfigSwift.h */,
				FD48698C220216DC0092A63E /* UrlEscaped.swift */,
			);
			path = ReactNativeConfigSwift;
			sourceTree = "<group>";
		};
		FD55CC902200B4460044D1A7 /* Frameworks */ = {
			isa = PBXGroup;
			children = (
				FDECFBDD221B3BEB00EA1E33 /* ZFile.framework */,
				FDECFBDB221B3BC200EA1E33 /* SignPost.framework */,
				FD4BE2B12201AA38008903DC /* AppKit.framework */,
			);
			name = Frameworks;
			sourceTree = "<group>";
		};
		FD7F1D232215D390009A4F34 /* ReactNativeConfig-macOS */ = {
			isa = PBXGroup;
			children = (
				FD7F1D242215D390009A4F34 /* ReactNativeConfig_macOS.h */,
			);
			path = "ReactNativeConfig-macOS";
			sourceTree = "<group>";
		};
/* End PBXGroup section */

/* Begin PBXHeadersBuildPhase section */
		FD55CB9622009A750044D1A7 /* Headers */ = {
			isa = PBXHeadersBuildPhase;
			buildActionMask = 2147483647;
			files = (
				FD55CB9722009A800044D1A7 /* ReactNativeConfig.h in Headers */,
			);
			runOnlyForDeploymentPostprocessing = 0;
		};
		FD55CC812200B4270044D1A7 /* Headers */ = {
			isa = PBXHeadersBuildPhase;
			buildActionMask = 2147483647;
			files = (
				FD55CC8A2200B4270044D1A7 /* ReactNativeConfigSwift.h in Headers */,
			);
			runOnlyForDeploymentPostprocessing = 0;
		};
		FD589AE7221AE42F00335F55 /* Headers */ = {
			isa = PBXHeadersBuildPhase;
			buildActionMask = 2147483647;
			files = (
			);
			runOnlyForDeploymentPostprocessing = 0;
		};
		FD7F1D1D2215D390009A4F34 /* Headers */ = {
			isa = PBXHeadersBuildPhase;
			buildActionMask = 2147483647;
			files = (
				FD7F1D262215D390009A4F34 /* ReactNativeConfig_macOS.h in Headers */,
			);
			runOnlyForDeploymentPostprocessing = 0;
		};
/* End PBXHeadersBuildPhase section */

/* Begin PBXNativeTarget section */
		3DF7F6AB203AA09B00D0EAB7 /* ReactNativeConfig-tvOS */ = {
			isa = PBXNativeTarget;
			buildConfigurationList = 3DF7F6B4203AA09B00D0EAB7 /* Build configuration list for PBXNativeTarget "ReactNativeConfig-tvOS" */;
			buildPhases = (
				3DF7F6B5203AA0A900D0EAB7 /* Prepare configuration files - Swift and Objective-C (For React-Native) */,
				3DF7F6A8203AA09B00D0EAB7 /* Sources */,
				3DF7F6A9203AA09B00D0EAB7 /* Frameworks */,
				3DF7F6AA203AA09B00D0EAB7 /* CopyFiles */,
			);
			buildRules = (
			);
			dependencies = (
			);
			name = "ReactNativeConfig-tvOS";
			productName = "ReactNativeConfig-tvOS";
			productReference = 3DF7F6AC203AA09B00D0EAB7 /* libReactNativeConfig-tvOS.a */;
			productType = "com.apple.product-type.library.static";
		};
		EB2648DE1C7BE17A00B8F155 /* ReactNativeConfig */ = {
			isa = PBXNativeTarget;
			buildConfigurationList = EB2648E81C7BE17A00B8F155 /* Build configuration list for PBXNativeTarget "ReactNativeConfig" */;
			buildPhases = (
				EBE4E8281C7BF689000F8875 /* Prepare configuration files - Swift and Objective-C (For React-Native) */,
				FD55CB9622009A750044D1A7 /* Headers */,
				EB2648DB1C7BE17A00B8F155 /* Sources */,
				EB2648DC1C7BE17A00B8F155 /* Frameworks */,
				EB2648DD1C7BE17A00B8F155 /* CopyFiles */,
			);
			buildRules = (
			);
			dependencies = (
				FD4867D22201BB080092A63E /* PBXTargetDependency */,
			);
			name = ReactNativeConfig;
			productName = ReactNativeConfig;
			productReference = EB2648DF1C7BE17A00B8F155 /* libReactNativeConfig.a */;
			productType = "com.apple.product-type.library.static";
		};
		FD55CBB422009FF50044D1A7 /* PrepareReactNativeconfig */ = {
			isa = PBXNativeTarget;
			buildConfigurationList = FD55CBCD22009FF70044D1A7 /* Build configuration list for PBXNativeTarget "PrepareReactNativeconfig" */;
			buildPhases = (
				FD55CBB122009FF50044D1A7 /* Sources */,
				FD55CBB222009FF50044D1A7 /* Frameworks */,
				FD55CBB322009FF50044D1A7 /* Resources */,
				FD55CC692200A4580044D1A7 /* Embed Frameworks */,
			);
			buildRules = (
			);
			dependencies = (
				FD7F1D282215D390009A4F34 /* PBXTargetDependency */,
				FD589AF2221AE42F00335F55 /* PBXTargetDependency */,
			);
			name = PrepareReactNativeconfig;
			productName = PrepareReactNativeconfig;
			productReference = FD55CBB522009FF50044D1A7 /* PrepareReactNativeconfig.app */;
			productType = "com.apple.product-type.application";
		};
		FD55CBC522009FF70044D1A7 /* PrepareReactNativeconfigTests */ = {
			isa = PBXNativeTarget;
			buildConfigurationList = FD55CBD022009FF70044D1A7 /* Build configuration list for PBXNativeTarget "PrepareReactNativeconfigTests" */;
			buildPhases = (
				FD55CBC222009FF70044D1A7 /* Sources */,
				FD55CBC322009FF70044D1A7 /* Frameworks */,
				FD55CBC422009FF70044D1A7 /* Resources */,
			);
			buildRules = (
			);
			dependencies = (
				FD55CBC822009FF70044D1A7 /* PBXTargetDependency */,
			);
			name = PrepareReactNativeconfigTests;
			productName = PrepareReactNativeconfigTests;
			productReference = FD55CBC622009FF70044D1A7 /* PrepareReactNativeconfigTests.xctest */;
			productType = "com.apple.product-type.bundle.unit-test";
		};
		FD55CC852200B4270044D1A7 /* ReactNativeConfigSwift-iOS */ = {
			isa = PBXNativeTarget;
			buildConfigurationList = FD55CC8B2200B4270044D1A7 /* Build configuration list for PBXNativeTarget "ReactNativeConfigSwift-iOS" */;
			buildPhases = (
				FD55CCA02200BC310044D1A7 /* Prepare configuration files - Swift and Objective-C (For React-Native) */,
				FD55CC812200B4270044D1A7 /* Headers */,
				FD55CC822200B4270044D1A7 /* Sources */,
				FD55CC832200B4270044D1A7 /* Frameworks */,
				FD55CC842200B4270044D1A7 /* Resources */,
			);
			buildRules = (
			);
			dependencies = (
				FD589B12221AEA4200335F55 /* PBXTargetDependency */,
			);
			name = "ReactNativeConfigSwift-iOS";
			productName = ReactNativeConfigSwift;
			productReference = FD55CC862200B4270044D1A7 /* ReactNativeConfigSwift.framework */;
			productType = "com.apple.product-type.framework";
		};
		FD589AEB221AE42F00335F55 /* PrepareReactNativeConfig */ = {
			isa = PBXNativeTarget;
			buildConfigurationList = FD589AF5221AE42F00335F55 /* Build configuration list for PBXNativeTarget "PrepareReactNativeConfig" */;
			buildPhases = (
				FD589AE7221AE42F00335F55 /* Headers */,
				FD589AE8221AE42F00335F55 /* Sources */,
				FD589AE9221AE42F00335F55 /* Frameworks */,
				FD589AEA221AE42F00335F55 /* Resources */,
			);
			buildRules = (
			);
			dependencies = (
				FD589B08221AE5F700335F55 /* PBXTargetDependency */,
			);
			name = PrepareReactNativeConfig;
			productName = PrepareReactNativeConfig;
			productReference = FD589AEC221AE42F00335F55 /* PrepareReactNativeConfig.framework */;
			productType = "com.apple.product-type.framework";
		};
		FD7F1D212215D390009A4F34 /* ReactNativeConfigSwift-macOS */ = {
			isa = PBXNativeTarget;
			buildConfigurationList = FD7F1D2B2215D390009A4F34 /* Build configuration list for PBXNativeTarget "ReactNativeConfigSwift-macOS" */;
			buildPhases = (
				FD7F1D2F2215D3AF009A4F34 /* Prepare configuration files - Swift and Objective-C (For React-Native) */,
				FD7F1D1D2215D390009A4F34 /* Headers */,
				FD7F1D1E2215D390009A4F34 /* Sources */,
				FD7F1D1F2215D390009A4F34 /* Frameworks */,
				FD7F1D202215D390009A4F34 /* Resources */,
			);
			buildRules = (
			);
			dependencies = (
			);
			name = "ReactNativeConfigSwift-macOS";
			productName = "ReactNativeConfig-macOS";
			productReference = FD7F1D222215D390009A4F34 /* ReactNativeConfigSwift.framework */;
			productType = "com.apple.product-type.framework";
		};
/* End PBXNativeTarget section */

/* Begin PBXProject section */
		EB2648D71C7BE17A00B8F155 /* Project object */ = {
			isa = PBXProject;
			attributes = {
				LastSwiftUpdateCheck = 1010;
				LastUpgradeCheck = 1010;
				ORGANIZATIONNAME = "Pedro Belo";
				TargetAttributes = {
					3DF7F6AB203AA09B00D0EAB7 = {
						CreatedOnToolsVersion = 9.2;
						ProvisioningStyle = Automatic;
					};
					EB2648DE1C7BE17A00B8F155 = {
						CreatedOnToolsVersion = 7.2.1;
					};
					FD55CBB422009FF50044D1A7 = {
						CreatedOnToolsVersion = 10.1;
					};
					FD55CBC522009FF70044D1A7 = {
						CreatedOnToolsVersion = 10.1;
						ProvisioningStyle = Automatic;
						TestTargetID = FD55CBB422009FF50044D1A7;
					};
					FD55CC852200B4270044D1A7 = {
						CreatedOnToolsVersion = 10.1;
						LastSwiftMigration = 1010;
					};
					FD589AEB221AE42F00335F55 = {
						CreatedOnToolsVersion = 10.1;
					};
					FD7F1D212215D390009A4F34 = {
						CreatedOnToolsVersion = 10.1;
					};
				};
			};
			buildConfigurationList = EB2648DA1C7BE17A00B8F155 /* Build configuration list for PBXProject "ReactNativeConfig" */;
			compatibilityVersion = "Xcode 3.2";
			developmentRegion = English;
			hasScannedForEncodings = 0;
			knownRegions = (
				en,
				Base,
			);
			mainGroup = EB2648D61C7BE17A00B8F155;
			productRefGroup = EB2648E01C7BE17A00B8F155 /* Products */;
			projectDirPath = "";
			projectRoot = "";
			targets = (
				EB2648DE1C7BE17A00B8F155 /* ReactNativeConfig */,
				3DF7F6AB203AA09B00D0EAB7 /* ReactNativeConfig-tvOS */,
				FD55CBB422009FF50044D1A7 /* PrepareReactNativeconfig */,
				FD55CBC522009FF70044D1A7 /* PrepareReactNativeconfigTests */,
				FD55CC852200B4270044D1A7 /* ReactNativeConfigSwift-iOS */,
				FD7F1D212215D390009A4F34 /* ReactNativeConfigSwift-macOS */,
				FD589AEB221AE42F00335F55 /* PrepareReactNativeConfig */,
			);
		};
/* End PBXProject section */

/* Begin PBXResourcesBuildPhase section */
		FD55CBB322009FF50044D1A7 /* Resources */ = {
			isa = PBXResourcesBuildPhase;
			buildActionMask = 2147483647;
			files = (
			);
			runOnlyForDeploymentPostprocessing = 0;
		};
		FD55CBC422009FF70044D1A7 /* Resources */ = {
			isa = PBXResourcesBuildPhase;
			buildActionMask = 2147483647;
			files = (
			);
			runOnlyForDeploymentPostprocessing = 0;
		};
		FD55CC842200B4270044D1A7 /* Resources */ = {
			isa = PBXResourcesBuildPhase;
			buildActionMask = 2147483647;
			files = (
			);
			runOnlyForDeploymentPostprocessing = 0;
		};
		FD589AEA221AE42F00335F55 /* Resources */ = {
			isa = PBXResourcesBuildPhase;
			buildActionMask = 2147483647;
			files = (
			);
			runOnlyForDeploymentPostprocessing = 0;
		};
		FD7F1D202215D390009A4F34 /* Resources */ = {
			isa = PBXResourcesBuildPhase;
			buildActionMask = 2147483647;
			files = (
			);
			runOnlyForDeploymentPostprocessing = 0;
		};
/* End PBXResourcesBuildPhase section */

/* Begin PBXShellScriptBuildPhase section */
		3DF7F6B5203AA0A900D0EAB7 /* Prepare configuration files - Swift and Objective-C (For React-Native) */ = {
			isa = PBXShellScriptBuildPhase;
			buildActionMask = 2147483647;
			files = (
			);
			inputPaths = (
			);
			name = "Prepare configuration files - Swift and Objective-C (For React-Native)";
			outputPaths = (
			);
			runOnlyForDeploymentPostprocessing = 0;
			shellPath = /bin/sh;
			shellScript = "pushd ${SRCROOT}\n./.build/$(CONFIGURATION)/PrepareReactNativeconfig.app/Contents/MacOS/PrepareReactNativeconfig\npopd\n";
		};
		EBE4E8281C7BF689000F8875 /* Prepare configuration files - Swift and Objective-C (For React-Native) */ = {
			isa = PBXShellScriptBuildPhase;
			buildActionMask = 12;
			files = (
			);
			inputPaths = (
			);
			name = "Prepare configuration files - Swift and Objective-C (For React-Native)";
			outputPaths = (
			);
			runOnlyForDeploymentPostprocessing = 0;
			shellPath = /bin/sh;
			shellScript = "pushd ${SRCROOT}\n./.build/$(CONFIGURATION)/PrepareReactNativeconfig.app/Contents/MacOS/PrepareReactNativeconfig\npopd\n";
		};
		FD55CCA02200BC310044D1A7 /* Prepare configuration files - Swift and Objective-C (For React-Native) */ = {
			isa = PBXShellScriptBuildPhase;
			buildActionMask = 2147483647;
			files = (
			);
			inputFileListPaths = (
			);
			inputPaths = (
			);
			name = "Prepare configuration files - Swift and Objective-C (For React-Native)";
			outputFileListPaths = (
			);
			outputPaths = (
			);
			runOnlyForDeploymentPostprocessing = 0;
			shellPath = /bin/sh;
			shellScript = "${BUILD_DIR}/${CONFIGURATION}/PrepareReactNativeconfig.app/Contents/MacOS/PrepareReactNativeconfig\n";
		};
		FD7F1D2F2215D3AF009A4F34 /* Prepare configuration files - Swift and Objective-C (For React-Native) */ = {
			isa = PBXShellScriptBuildPhase;
			buildActionMask = 2147483647;
			files = (
			);
			inputFileListPaths = (
			);
			inputPaths = (
			);
			name = "Prepare configuration files - Swift and Objective-C (For React-Native)";
			outputFileListPaths = (
			);
			outputPaths = (
			);
			runOnlyForDeploymentPostprocessing = 0;
			shellPath = /bin/sh;
			shellScript = "pushd ${SRCROOT}\n./.build/PrepareReactNativeconfig.app/Contents/MacOS/PrepareReactNativeconfig\npopd\n";
		};
/* End PBXShellScriptBuildPhase section */

/* Begin PBXSourcesBuildPhase section */
		3DF7F6A8203AA09B00D0EAB7 /* Sources */ = {
			isa = PBXSourcesBuildPhase;
			buildActionMask = 2147483647;
			files = (
				3DF7F6B6203AA0C200D0EAB7 /* ReactNativeConfig.m in Sources */,
			);
			runOnlyForDeploymentPostprocessing = 0;
		};
		EB2648DB1C7BE17A00B8F155 /* Sources */ = {
			isa = PBXSourcesBuildPhase;
			buildActionMask = 2147483647;
			files = (
				EBE4E8471C7D2456000F8875 /* ReactNativeConfig.m in Sources */,
			);
			runOnlyForDeploymentPostprocessing = 0;
		};
		FD55CBB122009FF50044D1A7 /* Sources */ = {
			isa = PBXSourcesBuildPhase;
			buildActionMask = 2147483647;
			files = (
				FD661CDF2216C47200F27AD5 /* Disk.swift in Sources */,
				FD82E8012216D17500837A3E /* Builds.swift in Sources */,
				FD82E7FF2216CE3A00837A3E /* Coder.swift in Sources */,
				FD55CC6F2200A68A0044D1A7 /* main.swift in Sources */,
				FD589AE6221AE34100335F55 /* MainWorker.swift in Sources */,
			);
			runOnlyForDeploymentPostprocessing = 0;
		};
		FD55CBC222009FF70044D1A7 /* Sources */ = {
			isa = PBXSourcesBuildPhase;
			buildActionMask = 2147483647;
			files = (
				FD55CBCB22009FF70044D1A7 /* PrepareReactNativeconfigTests.swift in Sources */,
			);
			runOnlyForDeploymentPostprocessing = 0;
		};
		FD55CC822200B4270044D1A7 /* Sources */ = {
			isa = PBXSourcesBuildPhase;
			buildActionMask = 2147483647;
			files = (
				FD4868772201D1810092A63E /* CurrentBuildConfiguration.swift in Sources */,
				FDECFC48221B530E00EA1E33 /* JSON.swift in Sources */,
				FD4868AF2201E2D00092A63E /* JSONEntry.swift in Sources */,
				FD55CC952200B4BA0044D1A7 /* CurrentBuildConfigurationWorker.swift in Sources */,
				FD48698D220216DC0092A63E /* UrlEscaped.swift in Sources */,
			);
			runOnlyForDeploymentPostprocessing = 0;
		};
		FD589AE8221AE42F00335F55 /* Sources */ = {
			isa = PBXSourcesBuildPhase;
			buildActionMask = 2147483647;
			files = (
				FD589B04221AE59400335F55 /* Disk.swift in Sources */,
				FD589B05221AE59F00335F55 /* Coder.swift in Sources */,
				FD589B06221AE5A700335F55 /* Builds.swift in Sources */,
				FD589AFC221AE52A00335F55 /* MainWorker.swift in Sources */,
			);
			runOnlyForDeploymentPostprocessing = 0;
		};
		FD7F1D1E2215D390009A4F34 /* Sources */ = {
			isa = PBXSourcesBuildPhase;
			buildActionMask = 2147483647;
			files = (
				FD7F1D302215D3F2009A4F34 /* CurrentBuildConfiguration.swift in Sources */,
				FDECFC49221B536100EA1E33 /* JSON.swift in Sources */,
				FD7F1D312215D3F2009A4F34 /* UrlEscaped.swift in Sources */,
				FD7F1D322215D3F2009A4F34 /* CurrentBuildConfigurationWorker.swift in Sources */,
				FD7F1D332215D3F2009A4F34 /* JSONEntry.swift in Sources */,
			);
			runOnlyForDeploymentPostprocessing = 0;
		};
/* End PBXSourcesBuildPhase section */

/* Begin PBXTargetDependency section */
		FD4867D22201BB080092A63E /* PBXTargetDependency */ = {
			isa = PBXTargetDependency;
			target = FD55CC852200B4270044D1A7 /* ReactNativeConfigSwift-iOS */;
			targetProxy = FD4867D12201BB080092A63E /* PBXContainerItemProxy */;
		};
		FD55CBC822009FF70044D1A7 /* PBXTargetDependency */ = {
			isa = PBXTargetDependency;
			target = FD55CBB422009FF50044D1A7 /* PrepareReactNativeconfig */;
			targetProxy = FD55CBC722009FF70044D1A7 /* PBXContainerItemProxy */;
		};
		FD589AF2221AE42F00335F55 /* PBXTargetDependency */ = {
			isa = PBXTargetDependency;
			target = FD589AEB221AE42F00335F55 /* PrepareReactNativeConfig */;
			targetProxy = FD589AF1221AE42F00335F55 /* PBXContainerItemProxy */;
		};
		FD589B08221AE5F700335F55 /* PBXTargetDependency */ = {
			isa = PBXTargetDependency;
			target = FD7F1D212215D390009A4F34 /* ReactNativeConfigSwift-macOS */;
			targetProxy = FD589B07221AE5F700335F55 /* PBXContainerItemProxy */;
		};
		FD589B12221AEA4200335F55 /* PBXTargetDependency */ = {
			isa = PBXTargetDependency;
			target = FD55CBB422009FF50044D1A7 /* PrepareReactNativeconfig */;
			targetProxy = FD589B11221AEA4200335F55 /* PBXContainerItemProxy */;
		};
		FD7F1D282215D390009A4F34 /* PBXTargetDependency */ = {
			isa = PBXTargetDependency;
			target = FD7F1D212215D390009A4F34 /* ReactNativeConfigSwift-macOS */;
			targetProxy = FD7F1D272215D390009A4F34 /* PBXContainerItemProxy */;
		};
/* End PBXTargetDependency section */

/* Begin XCBuildConfiguration section */
		3DF7F6B2203AA09B00D0EAB7 /* Debug */ = {
			isa = XCBuildConfiguration;
			baseConfigurationReference = FD4867C82201B6C50092A63E /* Debug.xcconfig */;
			buildSettings = {
				CLANG_ANALYZER_NONNULL = YES;
				CLANG_ANALYZER_NUMBER_OBJECT_CONVERSION = YES_AGGRESSIVE;
				CLANG_CXX_LANGUAGE_STANDARD = "gnu++14";
				CLANG_WARN_BLOCK_CAPTURE_AUTORELEASING = YES;
				CLANG_WARN_COMMA = YES;
				CLANG_WARN_DOCUMENTATION_COMMENTS = YES;
				CLANG_WARN_INFINITE_RECURSION = YES;
				CLANG_WARN_NON_LITERAL_NULL_CONVERSION = YES;
				CLANG_WARN_OBJC_LITERAL_CONVERSION = YES;
				CLANG_WARN_RANGE_LOOP_ANALYSIS = YES;
				CLANG_WARN_STRICT_PROTOTYPES = YES;
				CLANG_WARN_SUSPICIOUS_MOVE = YES;
				CLANG_WARN_UNGUARDED_AVAILABILITY = YES_AGGRESSIVE;
				GCC_C_LANGUAGE_STANDARD = gnu11;
				OTHER_LDFLAGS = "-ObjC";
				PRODUCT_NAME = "$(TARGET_NAME)";
				SDKROOT = appletvos;
				SKIP_INSTALL = YES;
				TARGETED_DEVICE_FAMILY = 3;
				TVOS_DEPLOYMENT_TARGET = 11.2;
			};
			name = Debug;
		};
		3DF7F6B3203AA09B00D0EAB7 /* Release */ = {
			isa = XCBuildConfiguration;
			baseConfigurationReference = FD4867C92201B6D10092A63E /* Release.xcconfig */;
			buildSettings = {
				CLANG_ANALYZER_NONNULL = YES;
				CLANG_ANALYZER_NUMBER_OBJECT_CONVERSION = YES_AGGRESSIVE;
				CLANG_CXX_LANGUAGE_STANDARD = "gnu++14";
				CLANG_WARN_BLOCK_CAPTURE_AUTORELEASING = YES;
				CLANG_WARN_COMMA = YES;
				CLANG_WARN_DOCUMENTATION_COMMENTS = YES;
				CLANG_WARN_INFINITE_RECURSION = YES;
				CLANG_WARN_NON_LITERAL_NULL_CONVERSION = YES;
				CLANG_WARN_OBJC_LITERAL_CONVERSION = YES;
				CLANG_WARN_RANGE_LOOP_ANALYSIS = YES;
				CLANG_WARN_STRICT_PROTOTYPES = YES;
				CLANG_WARN_SUSPICIOUS_MOVE = YES;
				CLANG_WARN_UNGUARDED_AVAILABILITY = YES_AGGRESSIVE;
				GCC_C_LANGUAGE_STANDARD = gnu11;
				OTHER_LDFLAGS = "-ObjC";
				PRODUCT_NAME = "$(TARGET_NAME)";
				SDKROOT = appletvos;
				SKIP_INSTALL = YES;
				TARGETED_DEVICE_FAMILY = 3;
				TVOS_DEPLOYMENT_TARGET = 11.2;
			};
			name = Release;
		};
		EB2648E61C7BE17A00B8F155 /* Debug */ = {
			isa = XCBuildConfiguration;
			baseConfigurationReference = FD4867C82201B6C50092A63E /* Debug.xcconfig */;
			buildSettings = {
				ALWAYS_SEARCH_USER_PATHS = NO;
				CLANG_CXX_LANGUAGE_STANDARD = "gnu++0x";
				CLANG_CXX_LIBRARY = "libc++";
				CLANG_ENABLE_MODULES = YES;
				CLANG_ENABLE_OBJC_ARC = YES;
				CLANG_WARN_BLOCK_CAPTURE_AUTORELEASING = YES;
				CLANG_WARN_BOOL_CONVERSION = YES;
				CLANG_WARN_COMMA = YES;
				CLANG_WARN_CONSTANT_CONVERSION = YES;
				CLANG_WARN_DEPRECATED_OBJC_IMPLEMENTATIONS = YES;
				CLANG_WARN_DIRECT_OBJC_ISA_USAGE = YES_ERROR;
				CLANG_WARN_EMPTY_BODY = YES;
				CLANG_WARN_ENUM_CONVERSION = YES;
				CLANG_WARN_INFINITE_RECURSION = YES;
				CLANG_WARN_INT_CONVERSION = YES;
				CLANG_WARN_NON_LITERAL_NULL_CONVERSION = YES;
				CLANG_WARN_OBJC_IMPLICIT_RETAIN_SELF = YES;
				CLANG_WARN_OBJC_LITERAL_CONVERSION = YES;
				CLANG_WARN_OBJC_ROOT_CLASS = YES_ERROR;
				CLANG_WARN_RANGE_LOOP_ANALYSIS = YES;
				CLANG_WARN_STRICT_PROTOTYPES = YES;
				CLANG_WARN_SUSPICIOUS_MOVE = YES;
				CLANG_WARN_UNREACHABLE_CODE = YES;
				CLANG_WARN__DUPLICATE_METHOD_MATCH = YES;
				CODE_SIGN_INJECT_BASE_ENTITLEMENTS = NO;
				COPY_PHASE_STRIP = NO;
				DEBUG_INFORMATION_FORMAT = dwarf;
				ENABLE_STRICT_OBJC_MSGSEND = YES;
				ENABLE_TESTABILITY = YES;
				FRAMEWORK_SEARCH_PATHS = "$(BUILD_DIR)/$(CONFIGURATION)$(EFFECTIVE_PLATFORM_NAME)";
				GCC_C_LANGUAGE_STANDARD = gnu99;
				GCC_DYNAMIC_NO_PIC = NO;
				GCC_NO_COMMON_BLOCKS = YES;
				GCC_OPTIMIZATION_LEVEL = 0;
				GCC_PREPROCESSOR_DEFINITIONS = (
					"DEBUG=1",
					"$(inherited)",
				);
				GCC_WARN_64_TO_32_BIT_CONVERSION = YES;
				GCC_WARN_ABOUT_RETURN_TYPE = YES_ERROR;
				GCC_WARN_UNDECLARED_SELECTOR = YES;
				GCC_WARN_UNINITIALIZED_AUTOS = YES_AGGRESSIVE;
				GCC_WARN_UNUSED_FUNCTION = YES;
				GCC_WARN_UNUSED_VARIABLE = YES;
				HEADER_SEARCH_PATHS = (
					"$(SRCROOT)/../../../../ios/Pods/Headers/Public/**",
					"$(BUILD_DIR)/$(CONFIGURATION)$(EFFECTIVE_PLATFORM_NAME)",
					"$(BUILD_DIR)/$(CONFIGURATION)$(EFFECTIVE_PLATFORM_NAME)/include/**",
					"$(SRCROOT)/../../../iOS/Pods/Headers/Public/**",
					"$(SRCROOT)/../../ios/Pods/Headers/Public/**",
				);
				IPHONEOS_DEPLOYMENT_TARGET = 10.0;
				LIBRARY_SEARCH_PATHS = "$(BUILD_DIR)/$(CONFIGURATION)$(EFFECTIVE_PLATFORM_NAME)";
				MTL_ENABLE_DEBUG_INFO = YES;
				ONLY_ACTIVE_ARCH = YES;
				SDKROOT = iphoneos;
			};
			name = Debug;
		};
		EB2648E71C7BE17A00B8F155 /* Release */ = {
			isa = XCBuildConfiguration;
			baseConfigurationReference = FD4867C92201B6D10092A63E /* Release.xcconfig */;
			buildSettings = {
				ALWAYS_SEARCH_USER_PATHS = NO;
				CLANG_CXX_LANGUAGE_STANDARD = "gnu++0x";
				CLANG_CXX_LIBRARY = "libc++";
				CLANG_ENABLE_MODULES = YES;
				CLANG_ENABLE_OBJC_ARC = YES;
				CLANG_WARN_BLOCK_CAPTURE_AUTORELEASING = YES;
				CLANG_WARN_BOOL_CONVERSION = YES;
				CLANG_WARN_COMMA = YES;
				CLANG_WARN_CONSTANT_CONVERSION = YES;
				CLANG_WARN_DEPRECATED_OBJC_IMPLEMENTATIONS = YES;
				CLANG_WARN_DIRECT_OBJC_ISA_USAGE = YES_ERROR;
				CLANG_WARN_EMPTY_BODY = YES;
				CLANG_WARN_ENUM_CONVERSION = YES;
				CLANG_WARN_INFINITE_RECURSION = YES;
				CLANG_WARN_INT_CONVERSION = YES;
				CLANG_WARN_NON_LITERAL_NULL_CONVERSION = YES;
				CLANG_WARN_OBJC_IMPLICIT_RETAIN_SELF = YES;
				CLANG_WARN_OBJC_LITERAL_CONVERSION = YES;
				CLANG_WARN_OBJC_ROOT_CLASS = YES_ERROR;
				CLANG_WARN_RANGE_LOOP_ANALYSIS = YES;
				CLANG_WARN_STRICT_PROTOTYPES = YES;
				CLANG_WARN_SUSPICIOUS_MOVE = YES;
				CLANG_WARN_UNREACHABLE_CODE = YES;
				CLANG_WARN__DUPLICATE_METHOD_MATCH = YES;
				CODE_SIGN_INJECT_BASE_ENTITLEMENTS = NO;
				COPY_PHASE_STRIP = NO;
				DEBUG_INFORMATION_FORMAT = "dwarf-with-dsym";
				ENABLE_NS_ASSERTIONS = NO;
				ENABLE_STRICT_OBJC_MSGSEND = YES;
				FRAMEWORK_SEARCH_PATHS = "$(BUILD_DIR)/$(CONFIGURATION)$(EFFECTIVE_PLATFORM_NAME)";
				GCC_C_LANGUAGE_STANDARD = gnu99;
				GCC_NO_COMMON_BLOCKS = YES;
				GCC_WARN_64_TO_32_BIT_CONVERSION = YES;
				GCC_WARN_ABOUT_RETURN_TYPE = YES_ERROR;
				GCC_WARN_UNDECLARED_SELECTOR = YES;
				GCC_WARN_UNINITIALIZED_AUTOS = YES_AGGRESSIVE;
				GCC_WARN_UNUSED_FUNCTION = YES;
				GCC_WARN_UNUSED_VARIABLE = YES;
				HEADER_SEARCH_PATHS = (
					"$(SRCROOT)/../../../../ios/Pods/Headers/Public/**",
					"$(BUILD_DIR)/$(CONFIGURATION)$(EFFECTIVE_PLATFORM_NAME)",
					"$(BUILD_DIR)/$(CONFIGURATION)$(EFFECTIVE_PLATFORM_NAME)/include/**",
					"$(SRCROOT)/../../../iOS/Pods/Headers/Public/**",
					"$(SRCROOT)/../../ios/Pods/Headers/Public/**",
				);
				IPHONEOS_DEPLOYMENT_TARGET = 10.0;
				LIBRARY_SEARCH_PATHS = "$(BUILD_DIR)/$(CONFIGURATION)$(EFFECTIVE_PLATFORM_NAME)";
				MTL_ENABLE_DEBUG_INFO = NO;
				SDKROOT = iphoneos;
				SWIFT_COMPILATION_MODE = wholemodule;
				VALIDATE_PRODUCT = YES;
			};
			name = Release;
		};
		EB2648E91C7BE17A00B8F155 /* Debug */ = {
			isa = XCBuildConfiguration;
			baseConfigurationReference = FD4867C82201B6C50092A63E /* Debug.xcconfig */;
			buildSettings = {
				OTHER_LDFLAGS = "-ObjC";
				PRODUCT_NAME = "$(TARGET_NAME)";
				SKIP_INSTALL = YES;
			};
			name = Debug;
		};
		EB2648EA1C7BE17A00B8F155 /* Release */ = {
			isa = XCBuildConfiguration;
			baseConfigurationReference = FD4867C92201B6D10092A63E /* Release.xcconfig */;
			buildSettings = {
				OTHER_LDFLAGS = "-ObjC";
				PRODUCT_NAME = "$(TARGET_NAME)";
				SKIP_INSTALL = YES;
			};
			name = Release;
		};
		FD55CBCE22009FF70044D1A7 /* Debug */ = {
			isa = XCBuildConfiguration;
			baseConfigurationReference = FD4867C82201B6C50092A63E /* Debug.xcconfig */;
			buildSettings = {
				ALWAYS_EMBED_SWIFT_STANDARD_LIBRARIES = YES;
				CLANG_ANALYZER_NONNULL = YES;
				CLANG_ANALYZER_NUMBER_OBJECT_CONVERSION = YES_AGGRESSIVE;
				CLANG_CXX_LANGUAGE_STANDARD = "gnu++14";
				CLANG_ENABLE_OBJC_WEAK = YES;
				CLANG_WARN_BLOCK_CAPTURE_AUTORELEASING = YES;
				CLANG_WARN_COMMA = YES;
				CLANG_WARN_DEPRECATED_OBJC_IMPLEMENTATIONS = YES;
				CLANG_WARN_DOCUMENTATION_COMMENTS = YES;
				CLANG_WARN_INFINITE_RECURSION = YES;
				CLANG_WARN_NON_LITERAL_NULL_CONVERSION = YES;
				CLANG_WARN_OBJC_IMPLICIT_RETAIN_SELF = YES;
				CLANG_WARN_OBJC_LITERAL_CONVERSION = YES;
				CLANG_WARN_RANGE_LOOP_ANALYSIS = YES;
				CLANG_WARN_STRICT_PROTOTYPES = YES;
				CLANG_WARN_SUSPICIOUS_MOVE = YES;
				CLANG_WARN_UNGUARDED_AVAILABILITY = YES_AGGRESSIVE;
				CODE_SIGN_IDENTITY = "-";
				COMBINE_HIDPI_IMAGES = YES;
				DEVELOPMENT_TEAM = "";
				FRAMEWORK_SEARCH_PATHS = (
					"$(BUILD_DIR)/$(CONFIGURATION)$(EFFECTIVE_PLATFORM_NAME)",
					/Applications/Xcode.app/Contents/Developer/Platforms/MacOSX.platform/Developer/SDKs/MacOSX.sdk/System/Library/Frameworks,
				);
				GCC_C_LANGUAGE_STANDARD = gnu11;
				HEADER_SEARCH_PATHS = (
					"$(SRCROOT)/../../../../ios/Pods/Headers/Public/**",
					"$(BUILD_DIR)/$(CONFIGURATION)$(EFFECTIVE_PLATFORM_NAME)",
					"$(BUILD_DIR)/$(CONFIGURATION)$(EFFECTIVE_PLATFORM_NAME)/include/**",
					"$(SRCROOT)/../../../iOS/Pods/Headers/Public/**",
					"$(SRCROOT)/../../ios/Pods/Headers/Public/**",
					/Applications/Xcode.app/Contents/Developer/Platforms/MacOSX.platform/Developer/SDKs/MacOSX.sdk/System/Library/Frameworks,
				);
				INFOPLIST_FILE = PrepareReactNativeConfig/Info.plist;
				LD_RUNPATH_SEARCH_PATHS = "$(inherited) @executable_path/../Frameworks";
				LIBRARY_SEARCH_PATHS = (
					"$(BUILD_DIR)/$(CONFIGURATION)$(EFFECTIVE_PLATFORM_NAME)",
					/Applications/Xcode.app/Contents/Developer/Platforms/MacOSX.platform/Developer/SDKs/MacOSX.sdk/System/Library/Frameworks,
				);
				MTL_ENABLE_DEBUG_INFO = INCLUDE_SOURCE;
				MTL_FAST_MATH = YES;
				PRODUCT_BUNDLE_IDENTIFIER = com.ReactNativeConfig.PrepareReactNativeconfig.PrepareReactNativeconfig;
				PRODUCT_NAME = "$(TARGET_NAME)";
				SDKROOT = macosx;
				SWIFT_ACTIVE_COMPILATION_CONDITIONS = DEBUG;
				SWIFT_OPTIMIZATION_LEVEL = "-Onone";
				SWIFT_VERSION = 4.2;
				SYSTEM_FRAMEWORK_SEARCH_PATHS = /Applications/Xcode.app/Contents/Developer/Platforms/MacOSX.platform/Developer/SDKs/MacOSX.sdk/System/Library/Frameworks;
			};
			name = Debug;
		};
		FD55CBCF22009FF70044D1A7 /* Release */ = {
			isa = XCBuildConfiguration;
			baseConfigurationReference = FD4867C92201B6D10092A63E /* Release.xcconfig */;
			buildSettings = {
				ALWAYS_EMBED_SWIFT_STANDARD_LIBRARIES = YES;
				CLANG_ANALYZER_NONNULL = YES;
				CLANG_ANALYZER_NUMBER_OBJECT_CONVERSION = YES_AGGRESSIVE;
				CLANG_CXX_LANGUAGE_STANDARD = "gnu++14";
				CLANG_ENABLE_OBJC_WEAK = YES;
				CLANG_WARN_BLOCK_CAPTURE_AUTORELEASING = YES;
				CLANG_WARN_COMMA = YES;
				CLANG_WARN_DEPRECATED_OBJC_IMPLEMENTATIONS = YES;
				CLANG_WARN_DOCUMENTATION_COMMENTS = YES;
				CLANG_WARN_INFINITE_RECURSION = YES;
				CLANG_WARN_NON_LITERAL_NULL_CONVERSION = YES;
				CLANG_WARN_OBJC_IMPLICIT_RETAIN_SELF = YES;
				CLANG_WARN_OBJC_LITERAL_CONVERSION = YES;
				CLANG_WARN_RANGE_LOOP_ANALYSIS = YES;
				CLANG_WARN_STRICT_PROTOTYPES = YES;
				CLANG_WARN_SUSPICIOUS_MOVE = YES;
				CLANG_WARN_UNGUARDED_AVAILABILITY = YES_AGGRESSIVE;
				CODE_SIGN_IDENTITY = "-";
				COMBINE_HIDPI_IMAGES = YES;
				DEVELOPMENT_TEAM = "";
				FRAMEWORK_SEARCH_PATHS = (
					"$(BUILD_DIR)/$(CONFIGURATION)$(EFFECTIVE_PLATFORM_NAME)",
					/Applications/Xcode.app/Contents/Developer/Platforms/MacOSX.platform/Developer/SDKs/MacOSX.sdk/System/Library/Frameworks,
				);
				GCC_C_LANGUAGE_STANDARD = gnu11;
				HEADER_SEARCH_PATHS = (
					"$(SRCROOT)/../../../../ios/Pods/Headers/Public/**",
					"$(BUILD_DIR)/$(CONFIGURATION)$(EFFECTIVE_PLATFORM_NAME)",
					"$(BUILD_DIR)/$(CONFIGURATION)$(EFFECTIVE_PLATFORM_NAME)/include/**",
					"$(SRCROOT)/../../../iOS/Pods/Headers/Public/**",
					"$(SRCROOT)/../../ios/Pods/Headers/Public/**",
					/Applications/Xcode.app/Contents/Developer/Platforms/MacOSX.platform/Developer/SDKs/MacOSX.sdk/System/Library/Frameworks,
				);
				INFOPLIST_FILE = PrepareReactNativeConfig/Info.plist;
				LD_RUNPATH_SEARCH_PATHS = "$(inherited) @executable_path/../Frameworks";
				LIBRARY_SEARCH_PATHS = (
					"$(BUILD_DIR)/$(CONFIGURATION)$(EFFECTIVE_PLATFORM_NAME)",
					/Applications/Xcode.app/Contents/Developer/Platforms/MacOSX.platform/Developer/SDKs/MacOSX.sdk/System/Library/Frameworks,
				);
				MTL_FAST_MATH = YES;
				PRODUCT_BUNDLE_IDENTIFIER = com.ReactNativeConfig.PrepareReactNativeconfig.PrepareReactNativeconfig;
				PRODUCT_NAME = "$(TARGET_NAME)";
				SDKROOT = macosx;
				SWIFT_OPTIMIZATION_LEVEL = "-Owholemodule";
				SWIFT_VERSION = 4.2;
				SYSTEM_FRAMEWORK_SEARCH_PATHS = /Applications/Xcode.app/Contents/Developer/Platforms/MacOSX.platform/Developer/SDKs/MacOSX.sdk/System/Library/Frameworks;
			};
			name = Release;
		};
		FD55CBD122009FF70044D1A7 /* Debug */ = {
			isa = XCBuildConfiguration;
			baseConfigurationReference = FD4867C82201B6C50092A63E /* Debug.xcconfig */;
			buildSettings = {
				ALWAYS_EMBED_SWIFT_STANDARD_LIBRARIES = YES;
				BUNDLE_LOADER = "$(TEST_HOST)";
				CLANG_ANALYZER_NONNULL = YES;
				CLANG_ANALYZER_NUMBER_OBJECT_CONVERSION = YES_AGGRESSIVE;
				CLANG_CXX_LANGUAGE_STANDARD = "gnu++14";
				CLANG_ENABLE_OBJC_WEAK = YES;
				CLANG_WARN_BLOCK_CAPTURE_AUTORELEASING = YES;
				CLANG_WARN_COMMA = YES;
				CLANG_WARN_DEPRECATED_OBJC_IMPLEMENTATIONS = YES;
				CLANG_WARN_DOCUMENTATION_COMMENTS = YES;
				CLANG_WARN_INFINITE_RECURSION = YES;
				CLANG_WARN_NON_LITERAL_NULL_CONVERSION = YES;
				CLANG_WARN_OBJC_IMPLICIT_RETAIN_SELF = YES;
				CLANG_WARN_OBJC_LITERAL_CONVERSION = YES;
				CLANG_WARN_RANGE_LOOP_ANALYSIS = YES;
				CLANG_WARN_STRICT_PROTOTYPES = YES;
				CLANG_WARN_SUSPICIOUS_MOVE = YES;
				CLANG_WARN_UNGUARDED_AVAILABILITY = YES_AGGRESSIVE;
				COMBINE_HIDPI_IMAGES = YES;
				GCC_C_LANGUAGE_STANDARD = gnu11;
				INFOPLIST_FILE = PrepareReactNativeconfigTests/Info.plist;
				LD_RUNPATH_SEARCH_PATHS = "$(inherited) @executable_path/../Frameworks @loader_path/../Frameworks";
				MACOSX_DEPLOYMENT_TARGET = 10.14;
				MTL_ENABLE_DEBUG_INFO = INCLUDE_SOURCE;
				MTL_FAST_MATH = YES;
				PRODUCT_BUNDLE_IDENTIFIER = com.ReactNativeConfig.PrepareReactNativeconfig.PrepareReactNativeconfigTests;
				PRODUCT_NAME = "$(TARGET_NAME)";
				SDKROOT = macosx;
				SWIFT_ACTIVE_COMPILATION_CONDITIONS = DEBUG;
				SWIFT_OPTIMIZATION_LEVEL = "-Onone";
				SWIFT_VERSION = 4.2;
				TEST_HOST = "$(BUILT_PRODUCTS_DIR)/PrepareReactNativeconfig.app/Contents/MacOS/PrepareReactNativeconfig";
			};
			name = Debug;
		};
		FD55CBD222009FF70044D1A7 /* Release */ = {
			isa = XCBuildConfiguration;
			baseConfigurationReference = FD4867C92201B6D10092A63E /* Release.xcconfig */;
			buildSettings = {
				ALWAYS_EMBED_SWIFT_STANDARD_LIBRARIES = YES;
				BUNDLE_LOADER = "$(TEST_HOST)";
				CLANG_ANALYZER_NONNULL = YES;
				CLANG_ANALYZER_NUMBER_OBJECT_CONVERSION = YES_AGGRESSIVE;
				CLANG_CXX_LANGUAGE_STANDARD = "gnu++14";
				CLANG_ENABLE_OBJC_WEAK = YES;
				CLANG_WARN_BLOCK_CAPTURE_AUTORELEASING = YES;
				CLANG_WARN_COMMA = YES;
				CLANG_WARN_DEPRECATED_OBJC_IMPLEMENTATIONS = YES;
				CLANG_WARN_DOCUMENTATION_COMMENTS = YES;
				CLANG_WARN_INFINITE_RECURSION = YES;
				CLANG_WARN_NON_LITERAL_NULL_CONVERSION = YES;
				CLANG_WARN_OBJC_IMPLICIT_RETAIN_SELF = YES;
				CLANG_WARN_OBJC_LITERAL_CONVERSION = YES;
				CLANG_WARN_RANGE_LOOP_ANALYSIS = YES;
				CLANG_WARN_STRICT_PROTOTYPES = YES;
				CLANG_WARN_SUSPICIOUS_MOVE = YES;
				CLANG_WARN_UNGUARDED_AVAILABILITY = YES_AGGRESSIVE;
				COMBINE_HIDPI_IMAGES = YES;
				GCC_C_LANGUAGE_STANDARD = gnu11;
				INFOPLIST_FILE = PrepareReactNativeconfigTests/Info.plist;
				LD_RUNPATH_SEARCH_PATHS = "$(inherited) @executable_path/../Frameworks @loader_path/../Frameworks";
				MACOSX_DEPLOYMENT_TARGET = 10.14;
				MTL_FAST_MATH = YES;
				PRODUCT_BUNDLE_IDENTIFIER = com.ReactNativeConfig.PrepareReactNativeconfig.PrepareReactNativeconfigTests;
				PRODUCT_NAME = "$(TARGET_NAME)";
				SDKROOT = macosx;
				SWIFT_OPTIMIZATION_LEVEL = "-Owholemodule";
				SWIFT_VERSION = 4.2;
				TEST_HOST = "$(BUILT_PRODUCTS_DIR)/PrepareReactNativeconfig.app/Contents/MacOS/PrepareReactNativeconfig";
			};
			name = Release;
		};
		FD55CC8C2200B4270044D1A7 /* Debug */ = {
			isa = XCBuildConfiguration;
			baseConfigurationReference = FD4867C82201B6C50092A63E /* Debug.xcconfig */;
			buildSettings = {
				CLANG_ANALYZER_NONNULL = YES;
				CLANG_ANALYZER_NUMBER_OBJECT_CONVERSION = YES_AGGRESSIVE;
				CLANG_CXX_LANGUAGE_STANDARD = "gnu++14";
				CLANG_ENABLE_MODULES = YES;
				CLANG_ENABLE_OBJC_WEAK = YES;
				CLANG_WARN_BLOCK_CAPTURE_AUTORELEASING = YES;
				CLANG_WARN_COMMA = YES;
				CLANG_WARN_DEPRECATED_OBJC_IMPLEMENTATIONS = YES;
				CLANG_WARN_DOCUMENTATION_COMMENTS = YES;
				CLANG_WARN_INFINITE_RECURSION = YES;
				CLANG_WARN_NON_LITERAL_NULL_CONVERSION = YES;
				CLANG_WARN_OBJC_IMPLICIT_RETAIN_SELF = YES;
				CLANG_WARN_OBJC_LITERAL_CONVERSION = YES;
				CLANG_WARN_RANGE_LOOP_ANALYSIS = YES;
				CLANG_WARN_STRICT_PROTOTYPES = YES;
				CLANG_WARN_SUSPICIOUS_MOVE = YES;
				CLANG_WARN_UNGUARDED_AVAILABILITY = YES_AGGRESSIVE;
				CURRENT_PROJECT_VERSION = 1;
				DEFINES_MODULE = YES;
				DYLIB_COMPATIBILITY_VERSION = 1;
				DYLIB_CURRENT_VERSION = 1;
				DYLIB_INSTALL_NAME_BASE = "@rpath";
				GCC_C_LANGUAGE_STANDARD = gnu11;
				INFOPLIST_FILE = ReactNativeConfigSwift/Info.plist;
				INSTALL_PATH = "$(LOCAL_LIBRARY_DIR)/Frameworks";
				LD_RUNPATH_SEARCH_PATHS = "$(inherited) @executable_path/Frameworks @loader_path/Frameworks";
				MTL_ENABLE_DEBUG_INFO = INCLUDE_SOURCE;
				MTL_FAST_MATH = YES;
				PRODUCT_BUNDLE_IDENTIFIER = com.ReactNativeConfig.PrepareReactNativeconfig.ReactNativeConfigSwift;
				PRODUCT_NAME = ReactNativeConfigSwift;
				SKIP_INSTALL = YES;
				SWIFT_ACTIVE_COMPILATION_CONDITIONS = DEBUG;
				SWIFT_OPTIMIZATION_LEVEL = "-Onone";
				SWIFT_VERSION = 4.2;
				TARGETED_DEVICE_FAMILY = "1,2";
				VERSIONING_SYSTEM = "apple-generic";
				VERSION_INFO_PREFIX = "";
			};
			name = Debug;
		};
		FD55CC8D2200B4270044D1A7 /* Release */ = {
			isa = XCBuildConfiguration;
			baseConfigurationReference = FD4867C92201B6D10092A63E /* Release.xcconfig */;
			buildSettings = {
				CLANG_ANALYZER_NONNULL = YES;
				CLANG_ANALYZER_NUMBER_OBJECT_CONVERSION = YES_AGGRESSIVE;
				CLANG_CXX_LANGUAGE_STANDARD = "gnu++14";
				CLANG_ENABLE_MODULES = YES;
				CLANG_ENABLE_OBJC_WEAK = YES;
				CLANG_WARN_BLOCK_CAPTURE_AUTORELEASING = YES;
				CLANG_WARN_COMMA = YES;
				CLANG_WARN_DEPRECATED_OBJC_IMPLEMENTATIONS = YES;
				CLANG_WARN_DOCUMENTATION_COMMENTS = YES;
				CLANG_WARN_INFINITE_RECURSION = YES;
				CLANG_WARN_NON_LITERAL_NULL_CONVERSION = YES;
				CLANG_WARN_OBJC_IMPLICIT_RETAIN_SELF = YES;
				CLANG_WARN_OBJC_LITERAL_CONVERSION = YES;
				CLANG_WARN_RANGE_LOOP_ANALYSIS = YES;
				CLANG_WARN_STRICT_PROTOTYPES = YES;
				CLANG_WARN_SUSPICIOUS_MOVE = YES;
				CLANG_WARN_UNGUARDED_AVAILABILITY = YES_AGGRESSIVE;
				CURRENT_PROJECT_VERSION = 1;
				DEFINES_MODULE = YES;
				DYLIB_COMPATIBILITY_VERSION = 1;
				DYLIB_CURRENT_VERSION = 1;
				DYLIB_INSTALL_NAME_BASE = "@rpath";
				GCC_C_LANGUAGE_STANDARD = gnu11;
				INFOPLIST_FILE = ReactNativeConfigSwift/Info.plist;
				INSTALL_PATH = "$(LOCAL_LIBRARY_DIR)/Frameworks";
				LD_RUNPATH_SEARCH_PATHS = "$(inherited) @executable_path/Frameworks @loader_path/Frameworks";
				MTL_FAST_MATH = YES;
				PRODUCT_BUNDLE_IDENTIFIER = com.ReactNativeConfig.PrepareReactNativeconfig.ReactNativeConfigSwift;
				PRODUCT_NAME = ReactNativeConfigSwift;
				SKIP_INSTALL = YES;
				SWIFT_OPTIMIZATION_LEVEL = "-Owholemodule";
				SWIFT_VERSION = 4.2;
				TARGETED_DEVICE_FAMILY = "1,2";
				VERSIONING_SYSTEM = "apple-generic";
				VERSION_INFO_PREFIX = "";
			};
			name = Release;
		};
		FD589AF6221AE42F00335F55 /* Debug */ = {
			isa = XCBuildConfiguration;
			buildSettings = {
				CLANG_ANALYZER_NONNULL = YES;
				CLANG_ANALYZER_NUMBER_OBJECT_CONVERSION = YES_AGGRESSIVE;
				CLANG_CXX_LANGUAGE_STANDARD = "gnu++14";
				CLANG_ENABLE_OBJC_WEAK = YES;
				CLANG_WARN_DOCUMENTATION_COMMENTS = YES;
				CLANG_WARN_UNGUARDED_AVAILABILITY = YES_AGGRESSIVE;
				COMBINE_HIDPI_IMAGES = YES;
				CURRENT_PROJECT_VERSION = 1;
				DEFINES_MODULE = YES;
				DYLIB_COMPATIBILITY_VERSION = 1;
				DYLIB_CURRENT_VERSION = 1;
				DYLIB_INSTALL_NAME_BASE = "@rpath";
				FRAMEWORK_VERSION = A;
				GCC_C_LANGUAGE_STANDARD = gnu11;
				INFOPLIST_FILE = "$(SRCROOT)/PrepareReactNativeconfig/Info.plist";
				INSTALL_PATH = "$(LOCAL_LIBRARY_DIR)/Frameworks";
				LD_RUNPATH_SEARCH_PATHS = "$(inherited) @executable_path/../Frameworks @loader_path/Frameworks";
				MACOSX_DEPLOYMENT_TARGET = 10.14;
				MTL_ENABLE_DEBUG_INFO = INCLUDE_SOURCE;
				MTL_FAST_MATH = YES;
				PRODUCT_BUNDLE_IDENTIFIER = com.react.PrepareReactNativeConfig;
				PRODUCT_NAME = "$(TARGET_NAME:c99extidentifier)";
				SDKROOT = macosx;
				SKIP_INSTALL = YES;
				SWIFT_ACTIVE_COMPILATION_CONDITIONS = DEBUG;
				SWIFT_OPTIMIZATION_LEVEL = "-Onone";
				SWIFT_VERSION = 4.2;
				VERSIONING_SYSTEM = "apple-generic";
				VERSION_INFO_PREFIX = "";
			};
			name = Debug;
		};
		FD589AF7221AE42F00335F55 /* Local */ = {
			isa = XCBuildConfiguration;
			buildSettings = {
				CLANG_ANALYZER_NONNULL = YES;
				CLANG_ANALYZER_NUMBER_OBJECT_CONVERSION = YES_AGGRESSIVE;
				CLANG_CXX_LANGUAGE_STANDARD = "gnu++14";
				CLANG_ENABLE_OBJC_WEAK = YES;
				CLANG_WARN_DOCUMENTATION_COMMENTS = YES;
				CLANG_WARN_UNGUARDED_AVAILABILITY = YES_AGGRESSIVE;
				COMBINE_HIDPI_IMAGES = YES;
				CURRENT_PROJECT_VERSION = 1;
				DEFINES_MODULE = YES;
				DYLIB_COMPATIBILITY_VERSION = 1;
				DYLIB_CURRENT_VERSION = 1;
				DYLIB_INSTALL_NAME_BASE = "@rpath";
				FRAMEWORK_VERSION = A;
				GCC_C_LANGUAGE_STANDARD = gnu11;
				INFOPLIST_FILE = "$(SRCROOT)/PrepareReactNativeconfig/Info.plist";
				INSTALL_PATH = "$(LOCAL_LIBRARY_DIR)/Frameworks";
				LD_RUNPATH_SEARCH_PATHS = "$(inherited) @executable_path/../Frameworks @loader_path/Frameworks";
				MACOSX_DEPLOYMENT_TARGET = 10.14;
				MTL_FAST_MATH = YES;
				PRODUCT_BUNDLE_IDENTIFIER = com.react.PrepareReactNativeConfig;
				PRODUCT_NAME = "$(TARGET_NAME:c99extidentifier)";
				SDKROOT = macosx;
				SKIP_INSTALL = YES;
				SWIFT_OPTIMIZATION_LEVEL = "-O";
				SWIFT_VERSION = 4.2;
				VERSIONING_SYSTEM = "apple-generic";
				VERSION_INFO_PREFIX = "";
			};
			name = Local;
		};
		FD589AF8221AE42F00335F55 /* Release */ = {
			isa = XCBuildConfiguration;
			buildSettings = {
				CLANG_ANALYZER_NONNULL = YES;
				CLANG_ANALYZER_NUMBER_OBJECT_CONVERSION = YES_AGGRESSIVE;
				CLANG_CXX_LANGUAGE_STANDARD = "gnu++14";
				CLANG_ENABLE_OBJC_WEAK = YES;
				CLANG_WARN_DOCUMENTATION_COMMENTS = YES;
				CLANG_WARN_UNGUARDED_AVAILABILITY = YES_AGGRESSIVE;
				COMBINE_HIDPI_IMAGES = YES;
				CURRENT_PROJECT_VERSION = 1;
				DEFINES_MODULE = YES;
				DYLIB_COMPATIBILITY_VERSION = 1;
				DYLIB_CURRENT_VERSION = 1;
				DYLIB_INSTALL_NAME_BASE = "@rpath";
				FRAMEWORK_VERSION = A;
				GCC_C_LANGUAGE_STANDARD = gnu11;
				INFOPLIST_FILE = "$(SRCROOT)/PrepareReactNativeconfig/Info.plist";
				INSTALL_PATH = "$(LOCAL_LIBRARY_DIR)/Frameworks";
				LD_RUNPATH_SEARCH_PATHS = "$(inherited) @executable_path/../Frameworks @loader_path/Frameworks";
				MACOSX_DEPLOYMENT_TARGET = 10.14;
				MTL_FAST_MATH = YES;
				PRODUCT_BUNDLE_IDENTIFIER = com.react.PrepareReactNativeConfig;
				PRODUCT_NAME = "$(TARGET_NAME:c99extidentifier)";
				SDKROOT = macosx;
				SKIP_INSTALL = YES;
				SWIFT_OPTIMIZATION_LEVEL = "-O";
				SWIFT_VERSION = 4.2;
				VERSIONING_SYSTEM = "apple-generic";
				VERSION_INFO_PREFIX = "";
			};
			name = Release;
		};
		FD7F1D2C2215D390009A4F34 /* Debug */ = {
			isa = XCBuildConfiguration;
			buildSettings = {
				CLANG_ANALYZER_NONNULL = YES;
				CLANG_ANALYZER_NUMBER_OBJECT_CONVERSION = YES_AGGRESSIVE;
				CLANG_CXX_LANGUAGE_STANDARD = "gnu++14";
				CLANG_ENABLE_OBJC_WEAK = YES;
				CLANG_WARN_DOCUMENTATION_COMMENTS = YES;
				CLANG_WARN_UNGUARDED_AVAILABILITY = YES_AGGRESSIVE;
				COMBINE_HIDPI_IMAGES = YES;
				CURRENT_PROJECT_VERSION = 1;
				DEFINES_MODULE = YES;
				DYLIB_COMPATIBILITY_VERSION = 1;
				DYLIB_CURRENT_VERSION = 1;
				DYLIB_INSTALL_NAME_BASE = "@rpath";
				FRAMEWORK_VERSION = A;
				GCC_C_LANGUAGE_STANDARD = gnu11;
				INFOPLIST_FILE = "$(SRCROOT)/ReactNativeConfigSwift/Info.plist";
				INSTALL_PATH = "$(LOCAL_LIBRARY_DIR)/Frameworks";
				LD_RUNPATH_SEARCH_PATHS = "$(inherited) @executable_path/../Frameworks @loader_path/Frameworks";
				MACOSX_DEPLOYMENT_TARGET = 10.14;
				MTL_ENABLE_DEBUG_INFO = INCLUDE_SOURCE;
				MTL_FAST_MATH = YES;
				PRODUCT_BUNDLE_IDENTIFIER = "com.react.ReactNativeConfig-macOS";
				PRODUCT_NAME = ReactNativeConfigSwift;
				SDKROOT = macosx;
				SKIP_INSTALL = YES;
				SWIFT_ACTIVE_COMPILATION_CONDITIONS = DEBUG;
				SWIFT_OPTIMIZATION_LEVEL = "-Onone";
				SWIFT_VERSION = 4.2;
				VERSIONING_SYSTEM = "apple-generic";
				VERSION_INFO_PREFIX = "";
			};
			name = Debug;
		};
		FD7F1D2D2215D390009A4F34 /* Local */ = {
			isa = XCBuildConfiguration;
			buildSettings = {
				CLANG_ANALYZER_NONNULL = YES;
				CLANG_ANALYZER_NUMBER_OBJECT_CONVERSION = YES_AGGRESSIVE;
				CLANG_CXX_LANGUAGE_STANDARD = "gnu++14";
				CLANG_ENABLE_OBJC_WEAK = YES;
				CLANG_WARN_DOCUMENTATION_COMMENTS = YES;
				CLANG_WARN_UNGUARDED_AVAILABILITY = YES_AGGRESSIVE;
				COMBINE_HIDPI_IMAGES = YES;
				CURRENT_PROJECT_VERSION = 1;
				DEFINES_MODULE = YES;
				DYLIB_COMPATIBILITY_VERSION = 1;
				DYLIB_CURRENT_VERSION = 1;
				DYLIB_INSTALL_NAME_BASE = "@rpath";
				FRAMEWORK_VERSION = A;
				GCC_C_LANGUAGE_STANDARD = gnu11;
				INFOPLIST_FILE = "$(SRCROOT)/ReactNativeConfigSwift/Info.plist";
				INSTALL_PATH = "$(LOCAL_LIBRARY_DIR)/Frameworks";
				LD_RUNPATH_SEARCH_PATHS = "$(inherited) @executable_path/../Frameworks @loader_path/Frameworks";
				MACOSX_DEPLOYMENT_TARGET = 10.14;
				MTL_FAST_MATH = YES;
				PRODUCT_BUNDLE_IDENTIFIER = "com.react.ReactNativeConfig-macOS";
				PRODUCT_NAME = ReactNativeConfigSwift;
				SDKROOT = macosx;
				SKIP_INSTALL = YES;
				SWIFT_OPTIMIZATION_LEVEL = "-O";
				SWIFT_VERSION = 4.2;
				VERSIONING_SYSTEM = "apple-generic";
				VERSION_INFO_PREFIX = "";
			};
			name = Local;
		};
		FD7F1D2E2215D390009A4F34 /* Release */ = {
			isa = XCBuildConfiguration;
			buildSettings = {
				CLANG_ANALYZER_NONNULL = YES;
				CLANG_ANALYZER_NUMBER_OBJECT_CONVERSION = YES_AGGRESSIVE;
				CLANG_CXX_LANGUAGE_STANDARD = "gnu++14";
				CLANG_ENABLE_OBJC_WEAK = YES;
				CLANG_WARN_DOCUMENTATION_COMMENTS = YES;
				CLANG_WARN_UNGUARDED_AVAILABILITY = YES_AGGRESSIVE;
				COMBINE_HIDPI_IMAGES = YES;
				CURRENT_PROJECT_VERSION = 1;
				DEFINES_MODULE = YES;
				DYLIB_COMPATIBILITY_VERSION = 1;
				DYLIB_CURRENT_VERSION = 1;
				DYLIB_INSTALL_NAME_BASE = "@rpath";
				FRAMEWORK_VERSION = A;
				GCC_C_LANGUAGE_STANDARD = gnu11;
				INFOPLIST_FILE = "$(SRCROOT)/ReactNativeConfigSwift/Info.plist";
				INSTALL_PATH = "$(LOCAL_LIBRARY_DIR)/Frameworks";
				LD_RUNPATH_SEARCH_PATHS = "$(inherited) @executable_path/../Frameworks @loader_path/Frameworks";
				MACOSX_DEPLOYMENT_TARGET = 10.14;
				MTL_FAST_MATH = YES;
				PRODUCT_BUNDLE_IDENTIFIER = "com.react.ReactNativeConfig-macOS";
				PRODUCT_NAME = ReactNativeConfigSwift;
				SDKROOT = macosx;
				SKIP_INSTALL = YES;
				SWIFT_OPTIMIZATION_LEVEL = "-O";
				SWIFT_VERSION = 4.2;
				VERSIONING_SYSTEM = "apple-generic";
				VERSION_INFO_PREFIX = "";
			};
			name = Release;
		};
		FD84BA0B2209C8BC000B86BC /* Local */ = {
			isa = XCBuildConfiguration;
			baseConfigurationReference = FD84BA112209C8D7000B86BC /* Local.xcconfig */;
			buildSettings = {
				ALWAYS_SEARCH_USER_PATHS = NO;
				CLANG_CXX_LANGUAGE_STANDARD = "gnu++0x";
				CLANG_CXX_LIBRARY = "libc++";
				CLANG_ENABLE_MODULES = YES;
				CLANG_ENABLE_OBJC_ARC = YES;
				CLANG_WARN_BLOCK_CAPTURE_AUTORELEASING = YES;
				CLANG_WARN_BOOL_CONVERSION = YES;
				CLANG_WARN_COMMA = YES;
				CLANG_WARN_CONSTANT_CONVERSION = YES;
				CLANG_WARN_DEPRECATED_OBJC_IMPLEMENTATIONS = YES;
				CLANG_WARN_DIRECT_OBJC_ISA_USAGE = YES_ERROR;
				CLANG_WARN_EMPTY_BODY = YES;
				CLANG_WARN_ENUM_CONVERSION = YES;
				CLANG_WARN_INFINITE_RECURSION = YES;
				CLANG_WARN_INT_CONVERSION = YES;
				CLANG_WARN_NON_LITERAL_NULL_CONVERSION = YES;
				CLANG_WARN_OBJC_IMPLICIT_RETAIN_SELF = YES;
				CLANG_WARN_OBJC_LITERAL_CONVERSION = YES;
				CLANG_WARN_OBJC_ROOT_CLASS = YES_ERROR;
				CLANG_WARN_RANGE_LOOP_ANALYSIS = YES;
				CLANG_WARN_STRICT_PROTOTYPES = YES;
				CLANG_WARN_SUSPICIOUS_MOVE = YES;
				CLANG_WARN_UNREACHABLE_CODE = YES;
				CLANG_WARN__DUPLICATE_METHOD_MATCH = YES;
				CODE_SIGN_INJECT_BASE_ENTITLEMENTS = NO;
				COPY_PHASE_STRIP = NO;
				DEBUG_INFORMATION_FORMAT = dwarf;
				ENABLE_STRICT_OBJC_MSGSEND = YES;
				ENABLE_TESTABILITY = YES;
				FRAMEWORK_SEARCH_PATHS = "$(BUILD_DIR)/$(CONFIGURATION)$(EFFECTIVE_PLATFORM_NAME)";
				GCC_C_LANGUAGE_STANDARD = gnu99;
				GCC_DYNAMIC_NO_PIC = NO;
				GCC_NO_COMMON_BLOCKS = YES;
				GCC_OPTIMIZATION_LEVEL = 0;
				GCC_PREPROCESSOR_DEFINITIONS = (
					"DEBUG=1",
					"$(inherited)",
				);
				GCC_WARN_64_TO_32_BIT_CONVERSION = YES;
				GCC_WARN_ABOUT_RETURN_TYPE = YES_ERROR;
				GCC_WARN_UNDECLARED_SELECTOR = YES;
				GCC_WARN_UNINITIALIZED_AUTOS = YES_AGGRESSIVE;
				GCC_WARN_UNUSED_FUNCTION = YES;
				GCC_WARN_UNUSED_VARIABLE = YES;
				HEADER_SEARCH_PATHS = (
					"$(SRCROOT)/../../../../ios/Pods/Headers/Public/**",
					"$(BUILD_DIR)/$(CONFIGURATION)$(EFFECTIVE_PLATFORM_NAME)",
					"$(BUILD_DIR)/$(CONFIGURATION)$(EFFECTIVE_PLATFORM_NAME)/include/**",
					"$(SRCROOT)/../../../iOS/Pods/Headers/Public/**",
					"$(SRCROOT)/../../ios/Pods/Headers/Public/**",
				);
				IPHONEOS_DEPLOYMENT_TARGET = 10.0;
				LIBRARY_SEARCH_PATHS = "$(BUILD_DIR)/$(CONFIGURATION)$(EFFECTIVE_PLATFORM_NAME)";
				MTL_ENABLE_DEBUG_INFO = YES;
				ONLY_ACTIVE_ARCH = YES;
				SDKROOT = iphoneos;
			};
			name = Local;
		};
		FD84BA0C2209C8BC000B86BC /* Local */ = {
			isa = XCBuildConfiguration;
			baseConfigurationReference = FD84BA112209C8D7000B86BC /* Local.xcconfig */;
			buildSettings = {
				OTHER_LDFLAGS = "-ObjC";
				PRODUCT_NAME = "$(TARGET_NAME)";
				SKIP_INSTALL = YES;
			};
			name = Local;
		};
		FD84BA0D2209C8BC000B86BC /* Local */ = {
			isa = XCBuildConfiguration;
			baseConfigurationReference = FD84BA112209C8D7000B86BC /* Local.xcconfig */;
			buildSettings = {
				CLANG_ANALYZER_NONNULL = YES;
				CLANG_ANALYZER_NUMBER_OBJECT_CONVERSION = YES_AGGRESSIVE;
				CLANG_CXX_LANGUAGE_STANDARD = "gnu++14";
				CLANG_WARN_BLOCK_CAPTURE_AUTORELEASING = YES;
				CLANG_WARN_COMMA = YES;
				CLANG_WARN_DOCUMENTATION_COMMENTS = YES;
				CLANG_WARN_INFINITE_RECURSION = YES;
				CLANG_WARN_NON_LITERAL_NULL_CONVERSION = YES;
				CLANG_WARN_OBJC_LITERAL_CONVERSION = YES;
				CLANG_WARN_RANGE_LOOP_ANALYSIS = YES;
				CLANG_WARN_STRICT_PROTOTYPES = YES;
				CLANG_WARN_SUSPICIOUS_MOVE = YES;
				CLANG_WARN_UNGUARDED_AVAILABILITY = YES_AGGRESSIVE;
				GCC_C_LANGUAGE_STANDARD = gnu11;
				OTHER_LDFLAGS = "-ObjC";
				PRODUCT_NAME = "$(TARGET_NAME)";
				SDKROOT = appletvos;
				SKIP_INSTALL = YES;
				TARGETED_DEVICE_FAMILY = 3;
				TVOS_DEPLOYMENT_TARGET = 11.2;
			};
			name = Local;
		};
		FD84BA0E2209C8BC000B86BC /* Local */ = {
			isa = XCBuildConfiguration;
			baseConfigurationReference = FD84BA112209C8D7000B86BC /* Local.xcconfig */;
			buildSettings = {
				ALWAYS_EMBED_SWIFT_STANDARD_LIBRARIES = YES;
				CLANG_ANALYZER_NONNULL = YES;
				CLANG_ANALYZER_NUMBER_OBJECT_CONVERSION = YES_AGGRESSIVE;
				CLANG_CXX_LANGUAGE_STANDARD = "gnu++14";
				CLANG_ENABLE_OBJC_WEAK = YES;
				CLANG_WARN_BLOCK_CAPTURE_AUTORELEASING = YES;
				CLANG_WARN_COMMA = YES;
				CLANG_WARN_DEPRECATED_OBJC_IMPLEMENTATIONS = YES;
				CLANG_WARN_DOCUMENTATION_COMMENTS = YES;
				CLANG_WARN_INFINITE_RECURSION = YES;
				CLANG_WARN_NON_LITERAL_NULL_CONVERSION = YES;
				CLANG_WARN_OBJC_IMPLICIT_RETAIN_SELF = YES;
				CLANG_WARN_OBJC_LITERAL_CONVERSION = YES;
				CLANG_WARN_RANGE_LOOP_ANALYSIS = YES;
				CLANG_WARN_STRICT_PROTOTYPES = YES;
				CLANG_WARN_SUSPICIOUS_MOVE = YES;
				CLANG_WARN_UNGUARDED_AVAILABILITY = YES_AGGRESSIVE;
				CODE_SIGN_IDENTITY = "-";
				COMBINE_HIDPI_IMAGES = YES;
				DEVELOPMENT_TEAM = "";
				FRAMEWORK_SEARCH_PATHS = (
					"$(BUILD_DIR)/$(CONFIGURATION)$(EFFECTIVE_PLATFORM_NAME)",
					/Applications/Xcode.app/Contents/Developer/Platforms/MacOSX.platform/Developer/SDKs/MacOSX.sdk/System/Library/Frameworks,
				);
				GCC_C_LANGUAGE_STANDARD = gnu11;
				HEADER_SEARCH_PATHS = (
					"$(SRCROOT)/../../../../ios/Pods/Headers/Public/**",
					"$(BUILD_DIR)/$(CONFIGURATION)$(EFFECTIVE_PLATFORM_NAME)",
					"$(BUILD_DIR)/$(CONFIGURATION)$(EFFECTIVE_PLATFORM_NAME)/include/**",
					"$(SRCROOT)/../../../iOS/Pods/Headers/Public/**",
					"$(SRCROOT)/../../ios/Pods/Headers/Public/**",
					/Applications/Xcode.app/Contents/Developer/Platforms/MacOSX.platform/Developer/SDKs/MacOSX.sdk/System/Library/Frameworks,
				);
				INFOPLIST_FILE = PrepareReactNativeConfig/Info.plist;
				LD_RUNPATH_SEARCH_PATHS = "$(inherited) @executable_path/../Frameworks";
				LIBRARY_SEARCH_PATHS = (
					"$(BUILD_DIR)/$(CONFIGURATION)$(EFFECTIVE_PLATFORM_NAME)",
					/Applications/Xcode.app/Contents/Developer/Platforms/MacOSX.platform/Developer/SDKs/MacOSX.sdk/System/Library/Frameworks,
				);
				MTL_ENABLE_DEBUG_INFO = INCLUDE_SOURCE;
				MTL_FAST_MATH = YES;
				PRODUCT_BUNDLE_IDENTIFIER = com.ReactNativeConfig.PrepareReactNativeconfig.PrepareReactNativeconfig;
				PRODUCT_NAME = "$(TARGET_NAME)";
				SDKROOT = macosx;
				SWIFT_ACTIVE_COMPILATION_CONDITIONS = DEBUG;
				SWIFT_OPTIMIZATION_LEVEL = "-Onone";
				SWIFT_VERSION = 4.2;
				SYSTEM_FRAMEWORK_SEARCH_PATHS = /Applications/Xcode.app/Contents/Developer/Platforms/MacOSX.platform/Developer/SDKs/MacOSX.sdk/System/Library/Frameworks;
			};
			name = Local;
		};
		FD84BA0F2209C8BC000B86BC /* Local */ = {
			isa = XCBuildConfiguration;
			baseConfigurationReference = FD84BA112209C8D7000B86BC /* Local.xcconfig */;
			buildSettings = {
				ALWAYS_EMBED_SWIFT_STANDARD_LIBRARIES = YES;
				BUNDLE_LOADER = "$(TEST_HOST)";
				CLANG_ANALYZER_NONNULL = YES;
				CLANG_ANALYZER_NUMBER_OBJECT_CONVERSION = YES_AGGRESSIVE;
				CLANG_CXX_LANGUAGE_STANDARD = "gnu++14";
				CLANG_ENABLE_OBJC_WEAK = YES;
				CLANG_WARN_BLOCK_CAPTURE_AUTORELEASING = YES;
				CLANG_WARN_COMMA = YES;
				CLANG_WARN_DEPRECATED_OBJC_IMPLEMENTATIONS = YES;
				CLANG_WARN_DOCUMENTATION_COMMENTS = YES;
				CLANG_WARN_INFINITE_RECURSION = YES;
				CLANG_WARN_NON_LITERAL_NULL_CONVERSION = YES;
				CLANG_WARN_OBJC_IMPLICIT_RETAIN_SELF = YES;
				CLANG_WARN_OBJC_LITERAL_CONVERSION = YES;
				CLANG_WARN_RANGE_LOOP_ANALYSIS = YES;
				CLANG_WARN_STRICT_PROTOTYPES = YES;
				CLANG_WARN_SUSPICIOUS_MOVE = YES;
				CLANG_WARN_UNGUARDED_AVAILABILITY = YES_AGGRESSIVE;
				COMBINE_HIDPI_IMAGES = YES;
				GCC_C_LANGUAGE_STANDARD = gnu11;
				INFOPLIST_FILE = PrepareReactNativeconfigTests/Info.plist;
				LD_RUNPATH_SEARCH_PATHS = "$(inherited) @executable_path/../Frameworks @loader_path/../Frameworks";
				MACOSX_DEPLOYMENT_TARGET = 10.14;
				MTL_ENABLE_DEBUG_INFO = INCLUDE_SOURCE;
				MTL_FAST_MATH = YES;
				PRODUCT_BUNDLE_IDENTIFIER = com.ReactNativeConfig.PrepareReactNativeconfig.PrepareReactNativeconfigTests;
				PRODUCT_NAME = "$(TARGET_NAME)";
				SDKROOT = macosx;
				SWIFT_ACTIVE_COMPILATION_CONDITIONS = DEBUG;
				SWIFT_OPTIMIZATION_LEVEL = "-Onone";
				SWIFT_VERSION = 4.2;
				TEST_HOST = "$(BUILT_PRODUCTS_DIR)/PrepareReactNativeconfig.app/Contents/MacOS/PrepareReactNativeconfig";
			};
			name = Local;
		};
		FD84BA102209C8BC000B86BC /* Local */ = {
			isa = XCBuildConfiguration;
			baseConfigurationReference = FD84BA112209C8D7000B86BC /* Local.xcconfig */;
			buildSettings = {
				CLANG_ANALYZER_NONNULL = YES;
				CLANG_ANALYZER_NUMBER_OBJECT_CONVERSION = YES_AGGRESSIVE;
				CLANG_CXX_LANGUAGE_STANDARD = "gnu++14";
				CLANG_ENABLE_MODULES = YES;
				CLANG_ENABLE_OBJC_WEAK = YES;
				CLANG_WARN_BLOCK_CAPTURE_AUTORELEASING = YES;
				CLANG_WARN_COMMA = YES;
				CLANG_WARN_DEPRECATED_OBJC_IMPLEMENTATIONS = YES;
				CLANG_WARN_DOCUMENTATION_COMMENTS = YES;
				CLANG_WARN_INFINITE_RECURSION = YES;
				CLANG_WARN_NON_LITERAL_NULL_CONVERSION = YES;
				CLANG_WARN_OBJC_IMPLICIT_RETAIN_SELF = YES;
				CLANG_WARN_OBJC_LITERAL_CONVERSION = YES;
				CLANG_WARN_RANGE_LOOP_ANALYSIS = YES;
				CLANG_WARN_STRICT_PROTOTYPES = YES;
				CLANG_WARN_SUSPICIOUS_MOVE = YES;
				CLANG_WARN_UNGUARDED_AVAILABILITY = YES_AGGRESSIVE;
				CURRENT_PROJECT_VERSION = 1;
				DEFINES_MODULE = YES;
				DYLIB_COMPATIBILITY_VERSION = 1;
				DYLIB_CURRENT_VERSION = 1;
				DYLIB_INSTALL_NAME_BASE = "@rpath";
				GCC_C_LANGUAGE_STANDARD = gnu11;
				INFOPLIST_FILE = ReactNativeConfigSwift/Info.plist;
				INSTALL_PATH = "$(LOCAL_LIBRARY_DIR)/Frameworks";
				LD_RUNPATH_SEARCH_PATHS = "$(inherited) @executable_path/Frameworks @loader_path/Frameworks";
				MTL_ENABLE_DEBUG_INFO = INCLUDE_SOURCE;
				MTL_FAST_MATH = YES;
				PRODUCT_BUNDLE_IDENTIFIER = com.ReactNativeConfig.PrepareReactNativeconfig.ReactNativeConfigSwift;
				PRODUCT_NAME = ReactNativeConfigSwift;
				SKIP_INSTALL = YES;
				SWIFT_ACTIVE_COMPILATION_CONDITIONS = DEBUG;
				SWIFT_OPTIMIZATION_LEVEL = "-Onone";
				SWIFT_VERSION = 4.2;
				TARGETED_DEVICE_FAMILY = "1,2";
				VERSIONING_SYSTEM = "apple-generic";
				VERSION_INFO_PREFIX = "";
			};
			name = Local;
		};
		FDECFC8E221B652300EA1E33 /* TestRelease */ = {
			isa = XCBuildConfiguration;
			baseConfigurationReference = FD4867C92201B6D10092A63E /* Release.xcconfig */;
			buildSettings = {
				ALWAYS_SEARCH_USER_PATHS = NO;
				CLANG_CXX_LANGUAGE_STANDARD = "gnu++0x";
				CLANG_CXX_LIBRARY = "libc++";
				CLANG_ENABLE_MODULES = YES;
				CLANG_ENABLE_OBJC_ARC = YES;
				CLANG_WARN_BLOCK_CAPTURE_AUTORELEASING = YES;
				CLANG_WARN_BOOL_CONVERSION = YES;
				CLANG_WARN_COMMA = YES;
				CLANG_WARN_CONSTANT_CONVERSION = YES;
				CLANG_WARN_DEPRECATED_OBJC_IMPLEMENTATIONS = YES;
				CLANG_WARN_DIRECT_OBJC_ISA_USAGE = YES_ERROR;
				CLANG_WARN_EMPTY_BODY = YES;
				CLANG_WARN_ENUM_CONVERSION = YES;
				CLANG_WARN_INFINITE_RECURSION = YES;
				CLANG_WARN_INT_CONVERSION = YES;
				CLANG_WARN_NON_LITERAL_NULL_CONVERSION = YES;
				CLANG_WARN_OBJC_IMPLICIT_RETAIN_SELF = YES;
				CLANG_WARN_OBJC_LITERAL_CONVERSION = YES;
				CLANG_WARN_OBJC_ROOT_CLASS = YES_ERROR;
				CLANG_WARN_RANGE_LOOP_ANALYSIS = YES;
				CLANG_WARN_STRICT_PROTOTYPES = YES;
				CLANG_WARN_SUSPICIOUS_MOVE = YES;
				CLANG_WARN_UNREACHABLE_CODE = YES;
				CLANG_WARN__DUPLICATE_METHOD_MATCH = YES;
				CODE_SIGN_INJECT_BASE_ENTITLEMENTS = NO;
				COPY_PHASE_STRIP = NO;
				DEBUG_INFORMATION_FORMAT = "dwarf-with-dsym";
				ENABLE_NS_ASSERTIONS = NO;
				ENABLE_STRICT_OBJC_MSGSEND = YES;
				FRAMEWORK_SEARCH_PATHS = "$(BUILD_DIR)/$(CONFIGURATION)$(EFFECTIVE_PLATFORM_NAME)";
				GCC_C_LANGUAGE_STANDARD = gnu99;
				GCC_NO_COMMON_BLOCKS = YES;
				GCC_WARN_64_TO_32_BIT_CONVERSION = YES;
				GCC_WARN_ABOUT_RETURN_TYPE = YES_ERROR;
				GCC_WARN_UNDECLARED_SELECTOR = YES;
				GCC_WARN_UNINITIALIZED_AUTOS = YES_AGGRESSIVE;
				GCC_WARN_UNUSED_FUNCTION = YES;
				GCC_WARN_UNUSED_VARIABLE = YES;
				HEADER_SEARCH_PATHS = (
					"$(SRCROOT)/../../../../ios/Pods/Headers/Public/**",
					"$(BUILD_DIR)/$(CONFIGURATION)$(EFFECTIVE_PLATFORM_NAME)",
					"$(BUILD_DIR)/$(CONFIGURATION)$(EFFECTIVE_PLATFORM_NAME)/include/**",
					"$(SRCROOT)/../../../iOS/Pods/Headers/Public/**",
					"$(SRCROOT)/../../ios/Pods/Headers/Public/**",
				);
				IPHONEOS_DEPLOYMENT_TARGET = 10.0;
				LIBRARY_SEARCH_PATHS = "$(BUILD_DIR)/$(CONFIGURATION)$(EFFECTIVE_PLATFORM_NAME)";
				MTL_ENABLE_DEBUG_INFO = NO;
				SDKROOT = iphoneos;
				SWIFT_COMPILATION_MODE = wholemodule;
				VALIDATE_PRODUCT = YES;
			};
			name = TestRelease;
		};
		FDECFC8F221B652300EA1E33 /* TestRelease */ = {
			isa = XCBuildConfiguration;
			baseConfigurationReference = FD4867C92201B6D10092A63E /* Release.xcconfig */;
			buildSettings = {
				OTHER_LDFLAGS = "-ObjC";
				PRODUCT_NAME = "$(TARGET_NAME)";
				SKIP_INSTALL = YES;
			};
			name = TestRelease;
		};
		FDECFC90221B652300EA1E33 /* TestRelease */ = {
			isa = XCBuildConfiguration;
			baseConfigurationReference = FD4867C92201B6D10092A63E /* Release.xcconfig */;
			buildSettings = {
				CLANG_ANALYZER_NONNULL = YES;
				CLANG_ANALYZER_NUMBER_OBJECT_CONVERSION = YES_AGGRESSIVE;
				CLANG_CXX_LANGUAGE_STANDARD = "gnu++14";
				CLANG_WARN_BLOCK_CAPTURE_AUTORELEASING = YES;
				CLANG_WARN_COMMA = YES;
				CLANG_WARN_DOCUMENTATION_COMMENTS = YES;
				CLANG_WARN_INFINITE_RECURSION = YES;
				CLANG_WARN_NON_LITERAL_NULL_CONVERSION = YES;
				CLANG_WARN_OBJC_LITERAL_CONVERSION = YES;
				CLANG_WARN_RANGE_LOOP_ANALYSIS = YES;
				CLANG_WARN_STRICT_PROTOTYPES = YES;
				CLANG_WARN_SUSPICIOUS_MOVE = YES;
				CLANG_WARN_UNGUARDED_AVAILABILITY = YES_AGGRESSIVE;
				GCC_C_LANGUAGE_STANDARD = gnu11;
				OTHER_LDFLAGS = "-ObjC";
				PRODUCT_NAME = "$(TARGET_NAME)";
				SDKROOT = appletvos;
				SKIP_INSTALL = YES;
				TARGETED_DEVICE_FAMILY = 3;
				TVOS_DEPLOYMENT_TARGET = 11.2;
			};
			name = TestRelease;
		};
		FDECFC91221B652300EA1E33 /* TestRelease */ = {
			isa = XCBuildConfiguration;
			baseConfigurationReference = FD4867C92201B6D10092A63E /* Release.xcconfig */;
			buildSettings = {
				ALWAYS_EMBED_SWIFT_STANDARD_LIBRARIES = YES;
				CLANG_ANALYZER_NONNULL = YES;
				CLANG_ANALYZER_NUMBER_OBJECT_CONVERSION = YES_AGGRESSIVE;
				CLANG_CXX_LANGUAGE_STANDARD = "gnu++14";
				CLANG_ENABLE_OBJC_WEAK = YES;
				CLANG_WARN_BLOCK_CAPTURE_AUTORELEASING = YES;
				CLANG_WARN_COMMA = YES;
				CLANG_WARN_DEPRECATED_OBJC_IMPLEMENTATIONS = YES;
				CLANG_WARN_DOCUMENTATION_COMMENTS = YES;
				CLANG_WARN_INFINITE_RECURSION = YES;
				CLANG_WARN_NON_LITERAL_NULL_CONVERSION = YES;
				CLANG_WARN_OBJC_IMPLICIT_RETAIN_SELF = YES;
				CLANG_WARN_OBJC_LITERAL_CONVERSION = YES;
				CLANG_WARN_RANGE_LOOP_ANALYSIS = YES;
				CLANG_WARN_STRICT_PROTOTYPES = YES;
				CLANG_WARN_SUSPICIOUS_MOVE = YES;
				CLANG_WARN_UNGUARDED_AVAILABILITY = YES_AGGRESSIVE;
				CODE_SIGN_IDENTITY = "-";
				COMBINE_HIDPI_IMAGES = YES;
				DEVELOPMENT_TEAM = "";
				FRAMEWORK_SEARCH_PATHS = (
					"$(BUILD_DIR)/$(CONFIGURATION)$(EFFECTIVE_PLATFORM_NAME)",
					/Applications/Xcode.app/Contents/Developer/Platforms/MacOSX.platform/Developer/SDKs/MacOSX.sdk/System/Library/Frameworks,
				);
				GCC_C_LANGUAGE_STANDARD = gnu11;
				HEADER_SEARCH_PATHS = (
					"$(SRCROOT)/../../../../ios/Pods/Headers/Public/**",
					"$(BUILD_DIR)/$(CONFIGURATION)$(EFFECTIVE_PLATFORM_NAME)",
					"$(BUILD_DIR)/$(CONFIGURATION)$(EFFECTIVE_PLATFORM_NAME)/include/**",
					"$(SRCROOT)/../../../iOS/Pods/Headers/Public/**",
					"$(SRCROOT)/../../ios/Pods/Headers/Public/**",
					/Applications/Xcode.app/Contents/Developer/Platforms/MacOSX.platform/Developer/SDKs/MacOSX.sdk/System/Library/Frameworks,
				);
				INFOPLIST_FILE = PrepareReactNativeConfig/Info.plist;
				LD_RUNPATH_SEARCH_PATHS = "$(inherited) @executable_path/../Frameworks";
				LIBRARY_SEARCH_PATHS = (
					"$(BUILD_DIR)/$(CONFIGURATION)$(EFFECTIVE_PLATFORM_NAME)",
					/Applications/Xcode.app/Contents/Developer/Platforms/MacOSX.platform/Developer/SDKs/MacOSX.sdk/System/Library/Frameworks,
				);
				MTL_FAST_MATH = YES;
				PRODUCT_BUNDLE_IDENTIFIER = com.ReactNativeConfig.PrepareReactNativeconfig.PrepareReactNativeconfig;
				PRODUCT_NAME = "$(TARGET_NAME)";
				SDKROOT = macosx;
				SWIFT_OPTIMIZATION_LEVEL = "-Owholemodule";
				SWIFT_VERSION = 4.2;
				SYSTEM_FRAMEWORK_SEARCH_PATHS = /Applications/Xcode.app/Contents/Developer/Platforms/MacOSX.platform/Developer/SDKs/MacOSX.sdk/System/Library/Frameworks;
			};
			name = TestRelease;
		};
		FDECFC92221B652300EA1E33 /* TestRelease */ = {
			isa = XCBuildConfiguration;
			baseConfigurationReference = FD4867C92201B6D10092A63E /* Release.xcconfig */;
			buildSettings = {
				ALWAYS_EMBED_SWIFT_STANDARD_LIBRARIES = YES;
				BUNDLE_LOADER = "$(TEST_HOST)";
				CLANG_ANALYZER_NONNULL = YES;
				CLANG_ANALYZER_NUMBER_OBJECT_CONVERSION = YES_AGGRESSIVE;
				CLANG_CXX_LANGUAGE_STANDARD = "gnu++14";
				CLANG_ENABLE_OBJC_WEAK = YES;
				CLANG_WARN_BLOCK_CAPTURE_AUTORELEASING = YES;
				CLANG_WARN_COMMA = YES;
				CLANG_WARN_DEPRECATED_OBJC_IMPLEMENTATIONS = YES;
				CLANG_WARN_DOCUMENTATION_COMMENTS = YES;
				CLANG_WARN_INFINITE_RECURSION = YES;
				CLANG_WARN_NON_LITERAL_NULL_CONVERSION = YES;
				CLANG_WARN_OBJC_IMPLICIT_RETAIN_SELF = YES;
				CLANG_WARN_OBJC_LITERAL_CONVERSION = YES;
				CLANG_WARN_RANGE_LOOP_ANALYSIS = YES;
				CLANG_WARN_STRICT_PROTOTYPES = YES;
				CLANG_WARN_SUSPICIOUS_MOVE = YES;
				CLANG_WARN_UNGUARDED_AVAILABILITY = YES_AGGRESSIVE;
				COMBINE_HIDPI_IMAGES = YES;
				GCC_C_LANGUAGE_STANDARD = gnu11;
				INFOPLIST_FILE = PrepareReactNativeconfigTests/Info.plist;
				LD_RUNPATH_SEARCH_PATHS = "$(inherited) @executable_path/../Frameworks @loader_path/../Frameworks";
				MACOSX_DEPLOYMENT_TARGET = 10.14;
				MTL_FAST_MATH = YES;
				PRODUCT_BUNDLE_IDENTIFIER = com.ReactNativeConfig.PrepareReactNativeconfig.PrepareReactNativeconfigTests;
				PRODUCT_NAME = "$(TARGET_NAME)";
				SDKROOT = macosx;
				SWIFT_OPTIMIZATION_LEVEL = "-Owholemodule";
				SWIFT_VERSION = 4.2;
				TEST_HOST = "$(BUILT_PRODUCTS_DIR)/PrepareReactNativeconfig.app/Contents/MacOS/PrepareReactNativeconfig";
			};
			name = TestRelease;
		};
		FDECFC93221B652300EA1E33 /* TestRelease */ = {
			isa = XCBuildConfiguration;
			baseConfigurationReference = FD4867C92201B6D10092A63E /* Release.xcconfig */;
			buildSettings = {
				CLANG_ANALYZER_NONNULL = YES;
				CLANG_ANALYZER_NUMBER_OBJECT_CONVERSION = YES_AGGRESSIVE;
				CLANG_CXX_LANGUAGE_STANDARD = "gnu++14";
				CLANG_ENABLE_MODULES = YES;
				CLANG_ENABLE_OBJC_WEAK = YES;
				CLANG_WARN_BLOCK_CAPTURE_AUTORELEASING = YES;
				CLANG_WARN_COMMA = YES;
				CLANG_WARN_DEPRECATED_OBJC_IMPLEMENTATIONS = YES;
				CLANG_WARN_DOCUMENTATION_COMMENTS = YES;
				CLANG_WARN_INFINITE_RECURSION = YES;
				CLANG_WARN_NON_LITERAL_NULL_CONVERSION = YES;
				CLANG_WARN_OBJC_IMPLICIT_RETAIN_SELF = YES;
				CLANG_WARN_OBJC_LITERAL_CONVERSION = YES;
				CLANG_WARN_RANGE_LOOP_ANALYSIS = YES;
				CLANG_WARN_STRICT_PROTOTYPES = YES;
				CLANG_WARN_SUSPICIOUS_MOVE = YES;
				CLANG_WARN_UNGUARDED_AVAILABILITY = YES_AGGRESSIVE;
				CURRENT_PROJECT_VERSION = 1;
				DEFINES_MODULE = YES;
				DYLIB_COMPATIBILITY_VERSION = 1;
				DYLIB_CURRENT_VERSION = 1;
				DYLIB_INSTALL_NAME_BASE = "@rpath";
				GCC_C_LANGUAGE_STANDARD = gnu11;
				INFOPLIST_FILE = ReactNativeConfigSwift/Info.plist;
				INSTALL_PATH = "$(LOCAL_LIBRARY_DIR)/Frameworks";
				LD_RUNPATH_SEARCH_PATHS = "$(inherited) @executable_path/Frameworks @loader_path/Frameworks";
				MTL_FAST_MATH = YES;
				PRODUCT_BUNDLE_IDENTIFIER = com.ReactNativeConfig.PrepareReactNativeconfig.ReactNativeConfigSwift;
				PRODUCT_NAME = ReactNativeConfigSwift;
				SKIP_INSTALL = YES;
				SWIFT_OPTIMIZATION_LEVEL = "-Owholemodule";
				SWIFT_VERSION = 4.2;
				TARGETED_DEVICE_FAMILY = "1,2";
				VERSIONING_SYSTEM = "apple-generic";
				VERSION_INFO_PREFIX = "";
			};
			name = TestRelease;
		};
		FDECFC94221B652300EA1E33 /* TestRelease */ = {
			isa = XCBuildConfiguration;
			buildSettings = {
				CLANG_ANALYZER_NONNULL = YES;
				CLANG_ANALYZER_NUMBER_OBJECT_CONVERSION = YES_AGGRESSIVE;
				CLANG_CXX_LANGUAGE_STANDARD = "gnu++14";
				CLANG_ENABLE_OBJC_WEAK = YES;
				CLANG_WARN_DOCUMENTATION_COMMENTS = YES;
				CLANG_WARN_UNGUARDED_AVAILABILITY = YES_AGGRESSIVE;
				COMBINE_HIDPI_IMAGES = YES;
				CURRENT_PROJECT_VERSION = 1;
				DEFINES_MODULE = YES;
				DYLIB_COMPATIBILITY_VERSION = 1;
				DYLIB_CURRENT_VERSION = 1;
				DYLIB_INSTALL_NAME_BASE = "@rpath";
				FRAMEWORK_VERSION = A;
				GCC_C_LANGUAGE_STANDARD = gnu11;
				INFOPLIST_FILE = "$(SRCROOT)/ReactNativeConfigSwift/Info.plist";
				INSTALL_PATH = "$(LOCAL_LIBRARY_DIR)/Frameworks";
				LD_RUNPATH_SEARCH_PATHS = "$(inherited) @executable_path/../Frameworks @loader_path/Frameworks";
				MACOSX_DEPLOYMENT_TARGET = 10.14;
				MTL_FAST_MATH = YES;
				PRODUCT_BUNDLE_IDENTIFIER = "com.react.ReactNativeConfig-macOS";
				PRODUCT_NAME = ReactNativeConfigSwift;
				SDKROOT = macosx;
				SKIP_INSTALL = YES;
				SWIFT_OPTIMIZATION_LEVEL = "-O";
				SWIFT_VERSION = 4.2;
				VERSIONING_SYSTEM = "apple-generic";
				VERSION_INFO_PREFIX = "";
			};
			name = TestRelease;
		};
		FDECFC95221B652300EA1E33 /* TestRelease */ = {
			isa = XCBuildConfiguration;
			buildSettings = {
				CLANG_ANALYZER_NONNULL = YES;
				CLANG_ANALYZER_NUMBER_OBJECT_CONVERSION = YES_AGGRESSIVE;
				CLANG_CXX_LANGUAGE_STANDARD = "gnu++14";
				CLANG_ENABLE_OBJC_WEAK = YES;
				CLANG_WARN_DOCUMENTATION_COMMENTS = YES;
				CLANG_WARN_UNGUARDED_AVAILABILITY = YES_AGGRESSIVE;
				COMBINE_HIDPI_IMAGES = YES;
				CURRENT_PROJECT_VERSION = 1;
				DEFINES_MODULE = YES;
				DYLIB_COMPATIBILITY_VERSION = 1;
				DYLIB_CURRENT_VERSION = 1;
				DYLIB_INSTALL_NAME_BASE = "@rpath";
				FRAMEWORK_VERSION = A;
				GCC_C_LANGUAGE_STANDARD = gnu11;
				INFOPLIST_FILE = "$(SRCROOT)/PrepareReactNativeconfig/Info.plist";
				INSTALL_PATH = "$(LOCAL_LIBRARY_DIR)/Frameworks";
				LD_RUNPATH_SEARCH_PATHS = "$(inherited) @executable_path/../Frameworks @loader_path/Frameworks";
				MACOSX_DEPLOYMENT_TARGET = 10.14;
				MTL_FAST_MATH = YES;
				PRODUCT_BUNDLE_IDENTIFIER = com.react.PrepareReactNativeConfig;
				PRODUCT_NAME = "$(TARGET_NAME:c99extidentifier)";
				SDKROOT = macosx;
				SKIP_INSTALL = YES;
				SWIFT_OPTIMIZATION_LEVEL = "-O";
				SWIFT_VERSION = 4.2;
				VERSIONING_SYSTEM = "apple-generic";
				VERSION_INFO_PREFIX = "";
			};
			name = TestRelease;
		};
/* End XCBuildConfiguration section */

/* Begin XCConfigurationList section */
		3DF7F6B4203AA09B00D0EAB7 /* Build configuration list for PBXNativeTarget "ReactNativeConfig-tvOS" */ = {
			isa = XCConfigurationList;
			buildConfigurations = (
				3DF7F6B2203AA09B00D0EAB7 /* Debug */,
				FD84BA0D2209C8BC000B86BC /* Local */,
				3DF7F6B3203AA09B00D0EAB7 /* Release */,
				FDECFC90221B652300EA1E33 /* TestRelease */,
			);
			defaultConfigurationIsVisible = 0;
			defaultConfigurationName = Release;
		};
		EB2648DA1C7BE17A00B8F155 /* Build configuration list for PBXProject "ReactNativeConfig" */ = {
			isa = XCConfigurationList;
			buildConfigurations = (
				EB2648E61C7BE17A00B8F155 /* Debug */,
				FD84BA0B2209C8BC000B86BC /* Local */,
				EB2648E71C7BE17A00B8F155 /* Release */,
				FDECFC8E221B652300EA1E33 /* TestRelease */,
			);
			defaultConfigurationIsVisible = 0;
			defaultConfigurationName = Release;
		};
		EB2648E81C7BE17A00B8F155 /* Build configuration list for PBXNativeTarget "ReactNativeConfig" */ = {
			isa = XCConfigurationList;
			buildConfigurations = (
				EB2648E91C7BE17A00B8F155 /* Debug */,
				FD84BA0C2209C8BC000B86BC /* Local */,
				EB2648EA1C7BE17A00B8F155 /* Release */,
				FDECFC8F221B652300EA1E33 /* TestRelease */,
			);
			defaultConfigurationIsVisible = 0;
			defaultConfigurationName = Release;
		};
		FD55CBCD22009FF70044D1A7 /* Build configuration list for PBXNativeTarget "PrepareReactNativeconfig" */ = {
			isa = XCConfigurationList;
			buildConfigurations = (
				FD55CBCE22009FF70044D1A7 /* Debug */,
				FD84BA0E2209C8BC000B86BC /* Local */,
				FD55CBCF22009FF70044D1A7 /* Release */,
				FDECFC91221B652300EA1E33 /* TestRelease */,
			);
			defaultConfigurationIsVisible = 0;
			defaultConfigurationName = Release;
		};
		FD55CBD022009FF70044D1A7 /* Build configuration list for PBXNativeTarget "PrepareReactNativeconfigTests" */ = {
			isa = XCConfigurationList;
			buildConfigurations = (
				FD55CBD122009FF70044D1A7 /* Debug */,
				FD84BA0F2209C8BC000B86BC /* Local */,
				FD55CBD222009FF70044D1A7 /* Release */,
				FDECFC92221B652300EA1E33 /* TestRelease */,
			);
			defaultConfigurationIsVisible = 0;
			defaultConfigurationName = Release;
		};
		FD55CC8B2200B4270044D1A7 /* Build configuration list for PBXNativeTarget "ReactNativeConfigSwift-iOS" */ = {
			isa = XCConfigurationList;
			buildConfigurations = (
				FD55CC8C2200B4270044D1A7 /* Debug */,
				FD84BA102209C8BC000B86BC /* Local */,
				FD55CC8D2200B4270044D1A7 /* Release */,
				FDECFC93221B652300EA1E33 /* TestRelease */,
			);
			defaultConfigurationIsVisible = 0;
			defaultConfigurationName = Release;
		};
		FD589AF5221AE42F00335F55 /* Build configuration list for PBXNativeTarget "PrepareReactNativeConfig" */ = {
			isa = XCConfigurationList;
			buildConfigurations = (
				FD589AF6221AE42F00335F55 /* Debug */,
				FD589AF7221AE42F00335F55 /* Local */,
				FD589AF8221AE42F00335F55 /* Release */,
				FDECFC95221B652300EA1E33 /* TestRelease */,
			);
			defaultConfigurationIsVisible = 0;
			defaultConfigurationName = Release;
		};
		FD7F1D2B2215D390009A4F34 /* Build configuration list for PBXNativeTarget "ReactNativeConfigSwift-macOS" */ = {
			isa = XCConfigurationList;
			buildConfigurations = (
				FD7F1D2C2215D390009A4F34 /* Debug */,
				FD7F1D2D2215D390009A4F34 /* Local */,
				FD7F1D2E2215D390009A4F34 /* Release */,
				FDECFC94221B652300EA1E33 /* TestRelease */,
			);
			defaultConfigurationIsVisible = 0;
			defaultConfigurationName = Release;
		};
/* End XCConfigurationList section */
	};
	rootObject = EB2648D71C7BE17A00B8F155 /* Project object */;
}
